// !$*UTF8*$!
{
	archiveVersion = 1;
	classes = {
	};
	objectVersion = 46;
	objects = {

/* Begin PBXBuildFile section */
		BBA4AE081DBF758800D491D3 /* 동물.png in Resources */ = {isa = PBXBuildFile; fileRef = BBA4AE051DBF758800D491D3 /* 동물.png */; };
		BBA4AE091DBF758800D491D3 /* 사랑.png in Resources */ = {isa = PBXBuildFile; fileRef = BBA4AE061DBF758800D491D3 /* 사랑.png */; };
		BBA4AE0A1DBF758800D491D3 /* 여행.png in Resources */ = {isa = PBXBuildFile; fileRef = BBA4AE071DBF758800D491D3 /* 여행.png */; };
		BBA4AE101DBF810C00D491D3 /* ViewController1.m in Sources */ = {isa = PBXBuildFile; fileRef = BBA4AE0F1DBF810C00D491D3 /* ViewController1.m */; };
		BBA4AE131DBF811300D491D3 /* ViewController2.m in Sources */ = {isa = PBXBuildFile; fileRef = BBA4AE121DBF811300D491D3 /* ViewController2.m */; };
		BBB098741DBEFA35009B894A /* main.m in Sources */ = {isa = PBXBuildFile; fileRef = BBB098731DBEFA35009B894A /* main.m */; };
		BBB098771DBEFA35009B894A /* AppDelegate.m in Sources */ = {isa = PBXBuildFile; fileRef = BBB098761DBEFA35009B894A /* AppDelegate.m */; };
		BBB0987A1DBEFA35009B894A /* ViewController.m in Sources */ = {isa = PBXBuildFile; fileRef = BBB098791DBEFA35009B894A /* ViewController.m */; };
		BBB0987D1DBEFA35009B894A /* Main.storyboard in Resources */ = {isa = PBXBuildFile; fileRef = BBB0987B1DBEFA35009B894A /* Main.storyboard */; };
		BBB0987F1DBEFA35009B894A /* Assets.xcassets in Resources */ = {isa = PBXBuildFile; fileRef = BBB0987E1DBEFA35009B894A /* Assets.xcassets */; };
		BBB098821DBEFA35009B894A /* LaunchScreen.storyboard in Resources */ = {isa = PBXBuildFile; fileRef = BBB098801DBEFA35009B894A /* LaunchScreen.storyboard */; };
/* End PBXBuildFile section */

/* Begin PBXFileReference section */
		BBA4AE051DBF758800D491D3 /* 동물.png */ = {isa = PBXFileReference; lastKnownFileType = image.png; path = "동물.png"; sourceTree = SOURCE_ROOT; };
		BBA4AE061DBF758800D491D3 /* 사랑.png */ = {isa = PBXFileReference; lastKnownFileType = image.png; path = "사랑.png"; sourceTree = SOURCE_ROOT; };
		BBA4AE071DBF758800D491D3 /* 여행.png */ = {isa = PBXFileReference; lastKnownFileType = image.png; path = "여행.png"; sourceTree = SOURCE_ROOT; };
		BBA4AE0E1DBF810C00D491D3 /* ViewController1.h */ = {isa = PBXFileReference; fileEncoding = 4; lastKnownFileType = sourcecode.c.h; path = ViewController1.h; sourceTree = "<group>"; };
		BBA4AE0F1DBF810C00D491D3 /* ViewController1.m */ = {isa = PBXFileReference; fileEncoding = 4; lastKnownFileType = sourcecode.c.objc; path = ViewController1.m; sourceTree = "<group>"; };
		BBA4AE111DBF811300D491D3 /* ViewController2.h */ = {isa = PBXFileReference; fileEncoding = 4; lastKnownFileType = sourcecode.c.h; path = ViewController2.h; sourceTree = "<group>"; };
		BBA4AE121DBF811300D491D3 /* ViewController2.m */ = {isa = PBXFileReference; fileEncoding = 4; lastKnownFileType = sourcecode.c.objc; path = ViewController2.m; sourceTree = "<group>"; };
		BBB0986F1DBEFA35009B894A /* StudyNavigationBar.app */ = {isa = PBXFileReference; explicitFileType = wrapper.application; includeInIndex = 0; path = StudyNavigationBar.app; sourceTree = BUILT_PRODUCTS_DIR; };
		BBB098731DBEFA35009B894A /* main.m */ = {isa = PBXFileReference; lastKnownFileType = sourcecode.c.objc; path = main.m; sourceTree = "<group>"; };
		BBB098751DBEFA35009B894A /* AppDelegate.h */ = {isa = PBXFileReference; lastKnownFileType = sourcecode.c.h; path = AppDelegate.h; sourceTree = "<group>"; };
		BBB098761DBEFA35009B894A /* AppDelegate.m */ = {isa = PBXFileReference; lastKnownFileType = sourcecode.c.objc; path = AppDelegate.m; sourceTree = "<group>"; };
		BBB098781DBEFA35009B894A /* ViewController.h */ = {isa = PBXFileReference; lastKnownFileType = sourcecode.c.h; path = ViewController.h; sourceTree = "<group>"; };
		BBB098791DBEFA35009B894A /* ViewController.m */ = {isa = PBXFileReference; lastKnownFileType = sourcecode.c.objc; path = ViewController.m; sourceTree = "<group>"; };
		BBB0987C1DBEFA35009B894A /* Base */ = {isa = PBXFileReference; lastKnownFileType = file.storyboard; name = Base; path = Base.lproj/Main.storyboard; sourceTree = "<group>"; };
		BBB0987E1DBEFA35009B894A /* Assets.xcassets */ = {isa = PBXFileReference; lastKnownFileType = folder.assetcatalog; path = Assets.xcassets; sourceTree = "<group>"; };
		BBB098811DBEFA35009B894A /* Base */ = {isa = PBXFileReference; lastKnownFileType = file.storyboard; name = Base; path = Base.lproj/LaunchScreen.storyboard; sourceTree = "<group>"; };
		BBB098831DBEFA35009B894A /* Info.plist */ = {isa = PBXFileReference; lastKnownFileType = text.plist.xml; path = Info.plist; sourceTree = "<group>"; };
/* End PBXFileReference section */

/* Begin PBXFrameworksBuildPhase section */
		BBB0986C1DBEFA35009B894A /* Frameworks */ = {
			isa = PBXFrameworksBuildPhase;
			buildActionMask = 2147483647;
			files = (
			);
			runOnlyForDeploymentPostprocessing = 0;
		};
/* End PBXFrameworksBuildPhase section */

/* Begin PBXGroup section */
		BBB098661DBEFA35009B894A = {
			isa = PBXGroup;
			children = (
				BBB098711DBEFA35009B894A /* StudyNavigationBar */,
				BBB098701DBEFA35009B894A /* Products */,
			);
			sourceTree = "<group>";
		};
		BBB098701DBEFA35009B894A /* Products */ = {
			isa = PBXGroup;
			children = (
				BBB0986F1DBEFA35009B894A /* StudyNavigationBar.app */,
			);
			name = Products;
			sourceTree = "<group>";
		};
		BBB098711DBEFA35009B894A /* StudyNavigationBar */ = {
			isa = PBXGroup;
			children = (
				BBB098751DBEFA35009B894A /* AppDelegate.h */,
				BBB098761DBEFA35009B894A /* AppDelegate.m */,
				BBB098781DBEFA35009B894A /* ViewController.h */,
				BBB098791DBEFA35009B894A /* ViewController.m */,
				BBA4AE0E1DBF810C00D491D3 /* ViewController1.h */,
				BBA4AE0F1DBF810C00D491D3 /* ViewController1.m */,
				BBA4AE111DBF811300D491D3 /* ViewController2.h */,
				BBA4AE121DBF811300D491D3 /* ViewController2.m */,
				BBB0987B1DBEFA35009B894A /* Main.storyboard */,
				BBB0987E1DBEFA35009B894A /* Assets.xcassets */,
				BBA4AE051DBF758800D491D3 /* 동물.png */,
				BBA4AE061DBF758800D491D3 /* 사랑.png */,
				BBA4AE071DBF758800D491D3 /* 여행.png */,
				BBB098801DBEFA35009B894A /* LaunchScreen.storyboard */,
				BBB098831DBEFA35009B894A /* Info.plist */,
				BBB098721DBEFA35009B894A /* Supporting Files */,
			);
			path = StudyNavigationBar;
			sourceTree = "<group>";
		};
		BBB098721DBEFA35009B894A /* Supporting Files */ = {
			isa = PBXGroup;
			children = (
				BBB098731DBEFA35009B894A /* main.m */,
			);
			name = "Supporting Files";
			sourceTree = "<group>";
		};
/* End PBXGroup section */

/* Begin PBXNativeTarget section */
		BBB0986E1DBEFA35009B894A /* StudyNavigationBar */ = {
			isa = PBXNativeTarget;
			buildConfigurationList = BBB098861DBEFA35009B894A /* Build configuration list for PBXNativeTarget "StudyNavigationBar" */;
			buildPhases = (
				BBB0986B1DBEFA35009B894A /* Sources */,
				BBB0986C1DBEFA35009B894A /* Frameworks */,
				BBB0986D1DBEFA35009B894A /* Resources */,
			);
			buildRules = (
			);
			dependencies = (
			);
			name = StudyNavigationBar;
			productName = StudyNavigationBar;
			productReference = BBB0986F1DBEFA35009B894A /* StudyNavigationBar.app */;
			productType = "com.apple.product-type.application";
		};
/* End PBXNativeTarget section */

/* Begin PBXProject section */
		BBB098671DBEFA35009B894A /* Project object */ = {
			isa = PBXProject;
			attributes = {
				LastUpgradeCheck = 0800;
				ORGANIZATIONNAME = "geon hui kim";
				TargetAttributes = {
					BBB0986E1DBEFA35009B894A = {
						CreatedOnToolsVersion = 8.0;
						ProvisioningStyle = Automatic;
					};
				};
			};
			buildConfigurationList = BBB0986A1DBEFA35009B894A /* Build configuration list for PBXProject "StudyNavigationBar" */;
			compatibilityVersion = "Xcode 3.2";
			developmentRegion = English;
			hasScannedForEncodings = 0;
			knownRegions = (
				en,
				Base,
			);
			mainGroup = BBB098661DBEFA35009B894A;
			productRefGroup = BBB098701DBEFA35009B894A /* Products */;
			projectDirPath = "";
			projectRoot = "";
			targets = (
				BBB0986E1DBEFA35009B894A /* StudyNavigationBar */,
			);
		};
/* End PBXProject section */

/* Begin PBXResourcesBuildPhase section */
		BBB0986D1DBEFA35009B894A /* Resources */ = {
			isa = PBXResourcesBuildPhase;
			buildActionMask = 2147483647;
			files = (
				BBA4AE081DBF758800D491D3 /* 동물.png in Resources */,
				BBB098821DBEFA35009B894A /* LaunchScreen.storyboard in Resources */,
				BBA4AE0A1DBF758800D491D3 /* 여행.png in Resources */,
				BBA4AE091DBF758800D491D3 /* 사랑.png in Resources */,
				BBB0987F1DBEFA35009B894A /* Assets.xcassets in Resources */,
				BBB0987D1DBEFA35009B894A /* Main.storyboard in Resources */,
			);
			runOnlyForDeploymentPostprocessing = 0;
		};
/* End PBXResourcesBuildPhase section */

/* Begin PBXSourcesBuildPhase section */
		BBB0986B1DBEFA35009B894A /* Sources */ = {
			isa = PBXSourcesBuildPhase;
			buildActionMask = 2147483647;
			files = (
				BBA4AE101DBF810C00D491D3 /* ViewController1.m in Sources */,
				BBB0987A1DBEFA35009B894A /* ViewController.m in Sources */,
				BBA4AE131DBF811300D491D3 /* ViewController2.m in Sources */,
				BBB098771DBEFA35009B894A /* AppDelegate.m in Sources */,
				BBB098741DBEFA35009B894A /* main.m in Sources */,
			);
			runOnlyForDeploymentPostprocessing = 0;
		};
/* End PBXSourcesBuildPhase section */

/* Begin PBXVariantGroup section */
		BBB0987B1DBEFA35009B894A /* Main.storyboard */ = {
			isa = PBXVariantGroup;
			children = (
				BBB0987C1DBEFA35009B894A /* Base */,
			);
			name = Main.storyboard;
			sourceTree = "<group>";
		};
		BBB098801DBEFA35009B894A /* LaunchScreen.storyboard */ = {
			isa = PBXVariantGroup;
			children = (
				BBB098811DBEFA35009B894A /* Base */,
			);
			name = LaunchScreen.storyboard;
			sourceTree = "<group>";
		};
/* End PBXVariantGroup section */

/* Begin XCBuildConfiguration section */
		BBB098841DBEFA35009B894A /* Debug */ = {
			isa = XCBuildConfiguration;
			buildSettings = {
				ALWAYS_SEARCH_USER_PATHS = NO;
				CLANG_ANALYZER_NONNULL = YES;
				CLANG_CXX_LANGUAGE_STANDARD = "gnu++0x";
				CLANG_CXX_LIBRARY = "libc++";
				CLANG_ENABLE_MODULES = YES;
				CLANG_ENABLE_OBJC_ARC = YES;
				CLANG_WARN_BOOL_CONVERSION = YES;
				CLANG_WARN_CONSTANT_CONVERSION = YES;
				CLANG_WARN_DIRECT_OBJC_ISA_USAGE = YES_ERROR;
				CLANG_WARN_DOCUMENTATION_COMMENTS = YES;
				CLANG_WARN_EMPTY_BODY = YES;
				CLANG_WARN_ENUM_CONVERSION = YES;
				CLANG_WARN_INFINITE_RECURSION = YES;
				CLANG_WARN_INT_CONVERSION = YES;
				CLANG_WARN_OBJC_ROOT_CLASS = YES_ERROR;
				CLANG_WARN_SUSPICIOUS_MOVES = YES;
				CLANG_WARN_UNREACHABLE_CODE = YES;
				CLANG_WARN__DUPLICATE_METHOD_MATCH = YES;
				"CODE_SIGN_IDENTITY[sdk=iphoneos*]" = "iPhone Developer";
				COPY_PHASE_STRIP = NO;
				DEBUG_INFORMATION_FORMAT = dwarf;
				ENABLE_STRICT_OBJC_MSGSEND = YES;
				ENABLE_TESTABILITY = YES;
				GCC_C_LANGUAGE_STANDARD = gnu99;
				GCC_DYNAMIC_NO_PIC = NO;
				GCC_NO_COMMON_BLOCKS = YES;
				GCC_OPTIMIZATION_LEVEL = 0;
				GCC_PREPROCESSOR_DEFINITIONS = (
					"DEBUG=1",
					"$(inherited)",
				);
				GCC_WARN_64_TO_32_BIT_CONVERSION = YES;
				GCC_WARN_ABOUT_RETURN_TYPE = YES_ERROR;
				GCC_WARN_UNDECLARED_SELECTOR = YES;
				GCC_WARN_UNINITIALIZED_AUTOS = YES_AGGRESSIVE;
				GCC_WARN_UNUSED_FUNCTION = YES;
				GCC_WARN_UNUSED_VARIABLE = YES;
				IPHONEOS_DEPLOYMENT_TARGET = 10.0;
				MTL_ENABLE_DEBUG_INFO = YES;
				ONLY_ACTIVE_ARCH = YES;
				SDKROOT = iphoneos;
			};
			name = Debug;
		};
		BBB098851DBEFA35009B894A /* Release */ = {
			isa = XCBuildConfiguration;
			buildSettings = {
				ALWAYS_SEARCH_USER_PATHS = NO;
				CLANG_ANALYZER_NONNULL = YES;
				CLANG_CXX_LANGUAGE_STANDARD = "gnu++0x";
				CLANG_CXX_LIBRARY = "libc++";
				CLANG_ENABLE_MODULES = YES;
				CLANG_ENABLE_OBJC_ARC = YES;
				CLANG_WARN_BOOL_CONVERSION = YES;
				CLANG_WARN_CONSTANT_CONVERSION = YES;
				CLANG_WARN_DIRECT_OBJC_ISA_USAGE = YES_ERROR;
				CLANG_WARN_DOCUMENTATION_COMMENTS = YES;
				CLANG_WARN_EMPTY_BODY = YES;
				CLANG_WARN_ENUM_CONVERSION = YES;
				CLANG_WARN_INFINITE_RECURSION = YES;
				CLANG_WARN_INT_CONVERSION = YES;
				CLANG_WARN_OBJC_ROOT_CLASS = YES_ERROR;
				CLANG_WARN_SUSPICIOUS_MOVES = YES;
				CLANG_WARN_UNREACHABLE_CODE = YES;
				CLANG_WARN__DUPLICATE_METHOD_MATCH = YES;
				"CODE_SIGN_IDENTITY[sdk=iphoneos*]" = "iPhone Developer";
				COPY_PHASE_STRIP = NO;
				DEBUG_INFORMATION_FORMAT = "dwarf-with-dsym";
				ENABLE_NS_ASSERTIONS = NO;
				ENABLE_STRICT_OBJC_MSGSEND = YES;
				GCC_C_LANGUAGE_STANDARD = gnu99;
				GCC_NO_COMMON_BLOCKS = YES;
				GCC_WARN_64_TO_32_BIT_CONVERSION = YES;
				GCC_WARN_ABOUT_RETURN_TYPE = YES_ERROR;
				GCC_WARN_UNDECLARED_SELECTOR = YES;
				GCC_WARN_UNINITIALIZED_AUTOS = YES_AGGRESSIVE;
				GCC_WARN_UNUSED_FUNCTION = YES;
				GCC_WARN_UNUSED_VARIABLE = YES;
				IPHONEOS_DEPLOYMENT_TARGET = 10.0;
				MTL_ENABLE_DEBUG_INFO = NO;
				SDKROOT = iphoneos;
				VALIDATE_PRODUCT = YES;
			};
			name = Release;
		};
		BBB098871DBEFA35009B894A /* Debug */ = {
			isa = XCBuildConfiguration;
			buildSettings = {
				ASSETCATALOG_COMPILER_APPICON_NAME = AppIcon;
				INFOPLIST_FILE = StudyNavigationBar/Info.plist;
				LD_RUNPATH_SEARCH_PATHS = "$(inherited) @executable_path/Frameworks";
				PRODUCT_BUNDLE_IDENTIFIER = com.fastcampus.StudyNavigationBar;
				PRODUCT_NAME = "$(TARGET_NAME)";
			};
			name = Debug;
		};
		BBB098881DBEFA35009B894A /* Release */ = {
			isa = XCBuildConfiguration;
			buildSettings = {
				ASSETCATALOG_COMPILER_APPICON_NAME = AppIcon;
				INFOPLIST_FILE = StudyNavigationBar/Info.plist;
				LD_RUNPATH_SEARCH_PATHS = "$(inherited) @executable_path/Frameworks";
				PRODUCT_BUNDLE_IDENTIFIER = com.fastcampus.StudyNavigationBar;
				PRODUCT_NAME = "$(TARGET_NAME)";
			};
			name = Release;
		};
/* End XCBuildConfiguration section */

/* Begin XCConfigurationList section */
		BBB0986A1DBEFA35009B894A /* Build configuration list for PBXProject "StudyNavigationBar" */ = {
			isa = XCConfigurationList;
			buildConfigurations = (
				BBB098841DBEFA35009B894A /* Debug */,
				BBB098851DBEFA35009B894A /* Release */,
			);
			defaultConfigurationIsVisible = 0;
			defaultConfigurationName = Release;
		};
		BBB098861DBEFA35009B894A /* Build configuration list for PBXNativeTarget "StudyNavigationBar" */ = {
			isa = XCConfigurationList;
			buildConfigurations = (
				BBB098871DBEFA35009B894A /* Debug */,
				BBB098881DBEFA35009B894A /* Release */,
			);
			defaultConfigurationIsVisible = 0;
			defaultConfigurationName = Release;
		};
/* End XCConfigurationList section */
	};
	rootObject = BBB098671DBEFA35009B894A /* Project object */;
}
