// !$*UTF8*$!
{
	archiveVersion = 1;
	classes = {
	};
	objectVersion = 46;
	objects = {

/* Begin PBXBuildFile section */
		BB7984AA1DC6DBCD00B04FE1 /* main.m in Sources */ = {isa = PBXBuildFile; fileRef = BB7984A91DC6DBCD00B04FE1 /* main.m */; };
		BB7984AD1DC6DBCE00B04FE1 /* AppDelegate.m in Sources */ = {isa = PBXBuildFile; fileRef = BB7984AC1DC6DBCE00B04FE1 /* AppDelegate.m */; };
		BB7984B01DC6DBCE00B04FE1 /* ViewController.m in Sources */ = {isa = PBXBuildFile; fileRef = BB7984AF1DC6DBCE00B04FE1 /* ViewController.m */; };
		BB7984B31DC6DBCE00B04FE1 /* Main.storyboard in Resources */ = {isa = PBXBuildFile; fileRef = BB7984B11DC6DBCE00B04FE1 /* Main.storyboard */; };
		BB7984B51DC6DBCE00B04FE1 /* Assets.xcassets in Resources */ = {isa = PBXBuildFile; fileRef = BB7984B41DC6DBCE00B04FE1 /* Assets.xcassets */; };
		BB7984B81DC6DBCE00B04FE1 /* LaunchScreen.storyboard in Resources */ = {isa = PBXBuildFile; fileRef = BB7984B61DC6DBCE00B04FE1 /* LaunchScreen.storyboard */; };
		BB7984C21DC6DD7300B04FE1 /* MySingleturn.m in Sources */ = {isa = PBXBuildFile; fileRef = BB7984C11DC6DD7300B04FE1 /* MySingleturn.m */; };
/* End PBXBuildFile section */

/* Begin PBXFileReference section */
		BB7984A51DC6DBCD00B04FE1 /* PrecompildeHeader.app */ = {isa = PBXFileReference; explicitFileType = wrapper.application; includeInIndex = 0; path = PrecompildeHeader.app; sourceTree = BUILT_PRODUCTS_DIR; };
		BB7984A91DC6DBCD00B04FE1 /* main.m */ = {isa = PBXFileReference; lastKnownFileType = sourcecode.c.objc; path = main.m; sourceTree = "<group>"; };
		BB7984AB1DC6DBCE00B04FE1 /* AppDelegate.h */ = {isa = PBXFileReference; lastKnownFileType = sourcecode.c.h; path = AppDelegate.h; sourceTree = "<group>"; };
		BB7984AC1DC6DBCE00B04FE1 /* AppDelegate.m */ = {isa = PBXFileReference; lastKnownFileType = sourcecode.c.objc; path = AppDelegate.m; sourceTree = "<group>"; };
		BB7984AE1DC6DBCE00B04FE1 /* ViewController.h */ = {isa = PBXFileReference; lastKnownFileType = sourcecode.c.h; path = ViewController.h; sourceTree = "<group>"; };
		BB7984AF1DC6DBCE00B04FE1 /* ViewController.m */ = {isa = PBXFileReference; lastKnownFileType = sourcecode.c.objc; path = ViewController.m; sourceTree = "<group>"; };
		BB7984B21DC6DBCE00B04FE1 /* Base */ = {isa = PBXFileReference; lastKnownFileType = file.storyboard; name = Base; path = Base.lproj/Main.storyboard; sourceTree = "<group>"; };
		BB7984B41DC6DBCE00B04FE1 /* Assets.xcassets */ = {isa = PBXFileReference; lastKnownFileType = folder.assetcatalog; path = Assets.xcassets; sourceTree = "<group>"; };
		BB7984B71DC6DBCE00B04FE1 /* Base */ = {isa = PBXFileReference; lastKnownFileType = file.storyboard; name = Base; path = Base.lproj/LaunchScreen.storyboard; sourceTree = "<group>"; };
		BB7984B91DC6DBCE00B04FE1 /* Info.plist */ = {isa = PBXFileReference; lastKnownFileType = text.plist.xml; path = Info.plist; sourceTree = "<group>"; };
		BB7984BF1DC6DBE400B04FE1 /* PrefixHeader.pch */ = {isa = PBXFileReference; fileEncoding = 4; lastKnownFileType = sourcecode.c.h; path = PrefixHeader.pch; sourceTree = "<group>"; };
		BB7984C01DC6DD7300B04FE1 /* MySingleturn.h */ = {isa = PBXFileReference; fileEncoding = 4; lastKnownFileType = sourcecode.c.h; path = MySingleturn.h; sourceTree = "<group>"; };
		BB7984C11DC6DD7300B04FE1 /* MySingleturn.m */ = {isa = PBXFileReference; fileEncoding = 4; lastKnownFileType = sourcecode.c.objc; path = MySingleturn.m; sourceTree = "<group>"; };
/* End PBXFileReference section */

/* Begin PBXFrameworksBuildPhase section */
		BB7984A21DC6DBCD00B04FE1 /* Frameworks */ = {
			isa = PBXFrameworksBuildPhase;
			buildActionMask = 2147483647;
			files = (
			);
			runOnlyForDeploymentPostprocessing = 0;
		};
/* End PBXFrameworksBuildPhase section */

/* Begin PBXGroup section */
		BB79849C1DC6DBCD00B04FE1 = {
			isa = PBXGroup;
			children = (
				BB7984A71DC6DBCD00B04FE1 /* PrecompildeHeader */,
				BB7984A61DC6DBCD00B04FE1 /* Products */,
			);
			sourceTree = "<group>";
		};
		BB7984A61DC6DBCD00B04FE1 /* Products */ = {
			isa = PBXGroup;
			children = (
				BB7984A51DC6DBCD00B04FE1 /* PrecompildeHeader.app */,
			);
			name = Products;
			sourceTree = "<group>";
		};
		BB7984A71DC6DBCD00B04FE1 /* PrecompildeHeader */ = {
			isa = PBXGroup;
			children = (
				BB7984AB1DC6DBCE00B04FE1 /* AppDelegate.h */,
				BB7984AC1DC6DBCE00B04FE1 /* AppDelegate.m */,
				BB7984AE1DC6DBCE00B04FE1 /* ViewController.h */,
				BB7984AF1DC6DBCE00B04FE1 /* ViewController.m */,
				BB7984B11DC6DBCE00B04FE1 /* Main.storyboard */,
				BB7984B41DC6DBCE00B04FE1 /* Assets.xcassets */,
				BB7984B61DC6DBCE00B04FE1 /* LaunchScreen.storyboard */,
				BB7984B91DC6DBCE00B04FE1 /* Info.plist */,
				BB7984A81DC6DBCD00B04FE1 /* Supporting Files */,
			);
			path = PrecompildeHeader;
			sourceTree = "<group>";
		};
		BB7984A81DC6DBCD00B04FE1 /* Supporting Files */ = {
			isa = PBXGroup;
			children = (
				BB7984C01DC6DD7300B04FE1 /* MySingleturn.h */,
				BB7984C11DC6DD7300B04FE1 /* MySingleturn.m */,
				BB7984A91DC6DBCD00B04FE1 /* main.m */,
				BB7984BF1DC6DBE400B04FE1 /* PrefixHeader.pch */,
			);
			name = "Supporting Files";
			sourceTree = "<group>";
		};
/* End PBXGroup section */

/* Begin PBXNativeTarget section */
		BB7984A41DC6DBCD00B04FE1 /* PrecompildeHeader */ = {
			isa = PBXNativeTarget;
			buildConfigurationList = BB7984BC1DC6DBCE00B04FE1 /* Build configuration list for PBXNativeTarget "PrecompildeHeader" */;
			buildPhases = (
				BB7984A11DC6DBCD00B04FE1 /* Sources */,
				BB7984A21DC6DBCD00B04FE1 /* Frameworks */,
				BB7984A31DC6DBCD00B04FE1 /* Resources */,
			);
			buildRules = (
			);
			dependencies = (
			);
			name = PrecompildeHeader;
			productName = PrecompildeHeader;
			productReference = BB7984A51DC6DBCD00B04FE1 /* PrecompildeHeader.app */;
			productType = "com.apple.product-type.application";
		};
/* End PBXNativeTarget section */

/* Begin PBXProject section */
		BB79849D1DC6DBCD00B04FE1 /* Project object */ = {
			isa = PBXProject;
			attributes = {
				LastUpgradeCheck = 0800;
				ORGANIZATIONNAME = "geon hui kim";
				TargetAttributes = {
					BB7984A41DC6DBCD00B04FE1 = {
						CreatedOnToolsVersion = 8.0;
						ProvisioningStyle = Automatic;
					};
				};
			};
			buildConfigurationList = BB7984A01DC6DBCD00B04FE1 /* Build configuration list for PBXProject "PrecompildeHeader" */;
			compatibilityVersion = "Xcode 3.2";
			developmentRegion = English;
			hasScannedForEncodings = 0;
			knownRegions = (
				en,
				Base,
			);
			mainGroup = BB79849C1DC6DBCD00B04FE1;
			productRefGroup = BB7984A61DC6DBCD00B04FE1 /* Products */;
			projectDirPath = "";
			projectRoot = "";
			targets = (
				BB7984A41DC6DBCD00B04FE1 /* PrecompildeHeader */,
			);
		};
/* End PBXProject section */

/* Begin PBXResourcesBuildPhase section */
		BB7984A31DC6DBCD00B04FE1 /* Resources */ = {
			isa = PBXResourcesBuildPhase;
			buildActionMask = 2147483647;
			files = (
				BB7984B81DC6DBCE00B04FE1 /* LaunchScreen.storyboard in Resources */,
				BB7984B51DC6DBCE00B04FE1 /* Assets.xcassets in Resources */,
				BB7984B31DC6DBCE00B04FE1 /* Main.storyboard in Resources */,
			);
			runOnlyForDeploymentPostprocessing = 0;
		};
/* End PBXResourcesBuildPhase section */

/* Begin PBXSourcesBuildPhase section */
		BB7984A11DC6DBCD00B04FE1 /* Sources */ = {
			isa = PBXSourcesBuildPhase;
			buildActionMask = 2147483647;
			files = (
				BB7984B01DC6DBCE00B04FE1 /* ViewController.m in Sources */,
				BB7984AD1DC6DBCE00B04FE1 /* AppDelegate.m in Sources */,
				BB7984C21DC6DD7300B04FE1 /* MySingleturn.m in Sources */,
				BB7984AA1DC6DBCD00B04FE1 /* main.m in Sources */,
			);
			runOnlyForDeploymentPostprocessing = 0;
		};
/* End PBXSourcesBuildPhase section */

/* Begin PBXVariantGroup section */
		BB7984B11DC6DBCE00B04FE1 /* Main.storyboard */ = {
			isa = PBXVariantGroup;
			children = (
				BB7984B21DC6DBCE00B04FE1 /* Base */,
			);
			name = Main.storyboard;
			sourceTree = "<group>";
		};
		BB7984B61DC6DBCE00B04FE1 /* LaunchScreen.storyboard */ = {
			isa = PBXVariantGroup;
			children = (
				BB7984B71DC6DBCE00B04FE1 /* Base */,
			);
			name = LaunchScreen.storyboard;
			sourceTree = "<group>";
		};
/* End PBXVariantGroup section */

/* Begin XCBuildConfiguration section */
		BB7984BA1DC6DBCE00B04FE1 /* Debug */ = {
			isa = XCBuildConfiguration;
			buildSettings = {
				ALWAYS_SEARCH_USER_PATHS = NO;
				CLANG_ANALYZER_NONNULL = YES;
				CLANG_CXX_LANGUAGE_STANDARD = "gnu++0x";
				CLANG_CXX_LIBRARY = "libc++";
				CLANG_ENABLE_MODULES = YES;
				CLANG_ENABLE_OBJC_ARC = YES;
				CLANG_WARN_BOOL_CONVERSION = YES;
				CLANG_WARN_CONSTANT_CONVERSION = YES;
				CLANG_WARN_DIRECT_OBJC_ISA_USAGE = YES_ERROR;
				CLANG_WARN_DOCUMENTATION_COMMENTS = YES;
				CLANG_WARN_EMPTY_BODY = YES;
				CLANG_WARN_ENUM_CONVERSION = YES;
				CLANG_WARN_INFINITE_RECURSION = YES;
				CLANG_WARN_INT_CONVERSION = YES;
				CLANG_WARN_OBJC_ROOT_CLASS = YES_ERROR;
				CLANG_WARN_SUSPICIOUS_MOVES = YES;
				CLANG_WARN_UNREACHABLE_CODE = YES;
				CLANG_WARN__DUPLICATE_METHOD_MATCH = YES;
				"CODE_SIGN_IDENTITY[sdk=iphoneos*]" = "iPhone Developer";
				COPY_PHASE_STRIP = NO;
				DEBUG_INFORMATION_FORMAT = dwarf;
				ENABLE_STRICT_OBJC_MSGSEND = YES;
				ENABLE_TESTABILITY = YES;
				GCC_C_LANGUAGE_STANDARD = gnu99;
				GCC_DYNAMIC_NO_PIC = NO;
				GCC_NO_COMMON_BLOCKS = YES;
				GCC_OPTIMIZATION_LEVEL = 0;
				GCC_PREPROCESSOR_DEFINITIONS = (
					"DEBUG=1",
					"$(inherited)",
				);
				GCC_WARN_64_TO_32_BIT_CONVERSION = YES;
				GCC_WARN_ABOUT_RETURN_TYPE = YES_ERROR;
				GCC_WARN_UNDECLARED_SELECTOR = YES;
				GCC_WARN_UNINITIALIZED_AUTOS = YES_AGGRESSIVE;
				GCC_WARN_UNUSED_FUNCTION = YES;
				GCC_WARN_UNUSED_VARIABLE = YES;
				IPHONEOS_DEPLOYMENT_TARGET = 10.0;
				MTL_ENABLE_DEBUG_INFO = YES;
				ONLY_ACTIVE_ARCH = YES;
				SDKROOT = iphoneos;
			};
			name = Debug;
		};
		BB7984BB1DC6DBCE00B04FE1 /* Release */ = {
			isa = XCBuildConfiguration;
			buildSettings = {
				ALWAYS_SEARCH_USER_PATHS = NO;
				CLANG_ANALYZER_NONNULL = YES;
				CLANG_CXX_LANGUAGE_STANDARD = "gnu++0x";
				CLANG_CXX_LIBRARY = "libc++";
				CLANG_ENABLE_MODULES = YES;
				CLANG_ENABLE_OBJC_ARC = YES;
				CLANG_WARN_BOOL_CONVERSION = YES;
				CLANG_WARN_CONSTANT_CONVERSION = YES;
				CLANG_WARN_DIRECT_OBJC_ISA_USAGE = YES_ERROR;
				CLANG_WARN_DOCUMENTATION_COMMENTS = YES;
				CLANG_WARN_EMPTY_BODY = YES;
				CLANG_WARN_ENUM_CONVERSION = YES;
				CLANG_WARN_INFINITE_RECURSION = YES;
				CLANG_WARN_INT_CONVERSION = YES;
				CLANG_WARN_OBJC_ROOT_CLASS = YES_ERROR;
				CLANG_WARN_SUSPICIOUS_MOVES = YES;
				CLANG_WARN_UNREACHABLE_CODE = YES;
				CLANG_WARN__DUPLICATE_METHOD_MATCH = YES;
				"CODE_SIGN_IDENTITY[sdk=iphoneos*]" = "iPhone Developer";
				COPY_PHASE_STRIP = NO;
				DEBUG_INFORMATION_FORMAT = "dwarf-with-dsym";
				ENABLE_NS_ASSERTIONS = NO;
				ENABLE_STRICT_OBJC_MSGSEND = YES;
				GCC_C_LANGUAGE_STANDARD = gnu99;
				GCC_NO_COMMON_BLOCKS = YES;
				GCC_WARN_64_TO_32_BIT_CONVERSION = YES;
				GCC_WARN_ABOUT_RETURN_TYPE = YES_ERROR;
				GCC_WARN_UNDECLARED_SELECTOR = YES;
				GCC_WARN_UNINITIALIZED_AUTOS = YES_AGGRESSIVE;
				GCC_WARN_UNUSED_FUNCTION = YES;
				GCC_WARN_UNUSED_VARIABLE = YES;
				IPHONEOS_DEPLOYMENT_TARGET = 10.0;
				MTL_ENABLE_DEBUG_INFO = NO;
				SDKROOT = iphoneos;
				VALIDATE_PRODUCT = YES;
			};
			name = Release;
		};
		BB7984BD1DC6DBCE00B04FE1 /* Debug */ = {
			isa = XCBuildConfiguration;
			buildSettings = {
				ASSETCATALOG_COMPILER_APPICON_NAME = AppIcon;
				GCC_PRECOMPILE_PREFIX_HEADER = YES;
				GCC_PREFIX_HEADER = "$(SRCROOT)/$(PRODUCT_NAME)/PrefixHeader.pch";
				INFOPLIST_FILE = PrecompildeHeader/Info.plist;
				LD_RUNPATH_SEARCH_PATHS = "$(inherited) @executable_path/Frameworks";
				PRODUCT_BUNDLE_IDENTIFIER = com.fastcampus.PrecompildeHeader;
				PRODUCT_NAME = "$(TARGET_NAME)";
			};
			name = Debug;
		};
		BB7984BE1DC6DBCE00B04FE1 /* Release */ = {
			isa = XCBuildConfiguration;
			buildSettings = {
				ASSETCATALOG_COMPILER_APPICON_NAME = AppIcon;
				GCC_PRECOMPILE_PREFIX_HEADER = YES;
				GCC_PREFIX_HEADER = "$(SRCROOT)/$(PRODUCT_NAME)/PrefixHeader.pch";
				INFOPLIST_FILE = PrecompildeHeader/Info.plist;
				LD_RUNPATH_SEARCH_PATHS = "$(inherited) @executable_path/Frameworks";
				PRODUCT_BUNDLE_IDENTIFIER = com.fastcampus.PrecompildeHeader;
				PRODUCT_NAME = "$(TARGET_NAME)";
			};
			name = Release;
		};
/* End XCBuildConfiguration section */

/* Begin XCConfigurationList section */
		BB7984A01DC6DBCD00B04FE1 /* Build configuration list for PBXProject "PrecompildeHeader" */ = {
			isa = XCConfigurationList;
			buildConfigurations = (
				BB7984BA1DC6DBCE00B04FE1 /* Debug */,
				BB7984BB1DC6DBCE00B04FE1 /* Release */,
			);
			defaultConfigurationIsVisible = 0;
			defaultConfigurationName = Release;
		};
		BB7984BC1DC6DBCE00B04FE1 /* Build configuration list for PBXNativeTarget "PrecompildeHeader" */ = {
			isa = XCConfigurationList;
			buildConfigurations = (
				BB7984BD1DC6DBCE00B04FE1 /* Debug */,
				BB7984BE1DC6DBCE00B04FE1 /* Release */,
			);
			defaultConfigurationIsVisible = 0;
			defaultConfigurationName = Release;
		};
/* End XCConfigurationList section */
	};
	rootObject = BB79849D1DC6DBCD00B04FE1 /* Project object */;
}
