// !$*UTF8*$!
{
	archiveVersion = 1;
	classes = {
	};
	objectVersion = 46;
	objects = {

/* Begin PBXBuildFile section */
		BBDED5971D92188500294F8C /* main.m in Sources */ = {isa = PBXBuildFile; fileRef = BBDED5961D92188500294F8C /* main.m */; };
		BBDED59F1D9220B500294F8C /* Warrior.m in Sources */ = {isa = PBXBuildFile; fileRef = BBDED59E1D9220B500294F8C /* Warrior.m */; };
		BBDED5A21D92218700294F8C /* Wisserd.m in Sources */ = {isa = PBXBuildFile; fileRef = BBDED5A11D92218700294F8C /* Wisserd.m */; };
		BBDED5A51D92687E00294F8C /* Dog.m in Sources */ = {isa = PBXBuildFile; fileRef = BBDED5A41D92687E00294F8C /* Dog.m */; };
		BBDED5A81D92688D00294F8C /* Cat.m in Sources */ = {isa = PBXBuildFile; fileRef = BBDED5A71D92688D00294F8C /* Cat.m */; };
/* End PBXBuildFile section */

/* Begin PBXCopyFilesBuildPhase section */
		BBDED5911D92188500294F8C /* CopyFiles */ = {
			isa = PBXCopyFilesBuildPhase;
			buildActionMask = 2147483647;
			dstPath = /usr/share/man/man1/;
			dstSubfolderSpec = 0;
			files = (
			);
			runOnlyForDeploymentPostprocessing = 1;
		};
/* End PBXCopyFilesBuildPhase section */

/* Begin PBXFileReference section */
		BBDED5931D92188500294F8C /* GeonHuiex3 */ = {isa = PBXFileReference; explicitFileType = "compiled.mach-o.executable"; includeInIndex = 0; path = GeonHuiex3; sourceTree = BUILT_PRODUCTS_DIR; };
		BBDED5961D92188500294F8C /* main.m */ = {isa = PBXFileReference; lastKnownFileType = sourcecode.c.objc; path = main.m; sourceTree = "<group>"; };
		BBDED59D1D9220B500294F8C /* Warrior.h */ = {isa = PBXFileReference; fileEncoding = 4; lastKnownFileType = sourcecode.c.h; path = Warrior.h; sourceTree = "<group>"; };
		BBDED59E1D9220B500294F8C /* Warrior.m */ = {isa = PBXFileReference; fileEncoding = 4; lastKnownFileType = sourcecode.c.objc; path = Warrior.m; sourceTree = "<group>"; };
		BBDED5A01D92218700294F8C /* Wisserd.h */ = {isa = PBXFileReference; fileEncoding = 4; lastKnownFileType = sourcecode.c.h; path = Wisserd.h; sourceTree = "<group>"; };
		BBDED5A11D92218700294F8C /* Wisserd.m */ = {isa = PBXFileReference; fileEncoding = 4; lastKnownFileType = sourcecode.c.objc; path = Wisserd.m; sourceTree = "<group>"; };
		BBDED5A31D92687E00294F8C /* Dog.h */ = {isa = PBXFileReference; fileEncoding = 4; lastKnownFileType = sourcecode.c.h; path = Dog.h; sourceTree = "<group>"; };
		BBDED5A41D92687E00294F8C /* Dog.m */ = {isa = PBXFileReference; fileEncoding = 4; lastKnownFileType = sourcecode.c.objc; path = Dog.m; sourceTree = "<group>"; };
		BBDED5A61D92688D00294F8C /* Cat.h */ = {isa = PBXFileReference; fileEncoding = 4; lastKnownFileType = sourcecode.c.h; path = Cat.h; sourceTree = "<group>"; };
		BBDED5A71D92688D00294F8C /* Cat.m */ = {isa = PBXFileReference; fileEncoding = 4; lastKnownFileType = sourcecode.c.objc; path = Cat.m; sourceTree = "<group>"; };
/* End PBXFileReference section */

/* Begin PBXFrameworksBuildPhase section */
		BBDED5901D92188500294F8C /* Frameworks */ = {
			isa = PBXFrameworksBuildPhase;
			buildActionMask = 2147483647;
			files = (
			);
			runOnlyForDeploymentPostprocessing = 0;
		};
/* End PBXFrameworksBuildPhase section */

/* Begin PBXGroup section */
		BBDED58A1D92188500294F8C = {
			isa = PBXGroup;
			children = (
				BBDED5951D92188500294F8C /* GeonHuiex3 */,
				BBDED5941D92188500294F8C /* Products */,
			);
			sourceTree = "<group>";
		};
		BBDED5941D92188500294F8C /* Products */ = {
			isa = PBXGroup;
			children = (
				BBDED5931D92188500294F8C /* GeonHuiex3 */,
			);
			name = Products;
			sourceTree = "<group>";
		};
		BBDED5951D92188500294F8C /* GeonHuiex3 */ = {
			isa = PBXGroup;
			children = (
				BBDED5961D92188500294F8C /* main.m */,
				BBDED59D1D9220B500294F8C /* Warrior.h */,
				BBDED59E1D9220B500294F8C /* Warrior.m */,
				BBDED5A01D92218700294F8C /* Wisserd.h */,
				BBDED5A11D92218700294F8C /* Wisserd.m */,
				BBDED5A31D92687E00294F8C /* Dog.h */,
				BBDED5A41D92687E00294F8C /* Dog.m */,
				BBDED5A61D92688D00294F8C /* Cat.h */,
				BBDED5A71D92688D00294F8C /* Cat.m */,
			);
			path = GeonHuiex3;
			sourceTree = "<group>";
		};
/* End PBXGroup section */

/* Begin PBXNativeTarget section */
		BBDED5921D92188500294F8C /* GeonHuiex3 */ = {
			isa = PBXNativeTarget;
			buildConfigurationList = BBDED59A1D92188500294F8C /* Build configuration list for PBXNativeTarget "GeonHuiex3" */;
			buildPhases = (
				BBDED58F1D92188500294F8C /* Sources */,
				BBDED5901D92188500294F8C /* Frameworks */,
				BBDED5911D92188500294F8C /* CopyFiles */,
			);
			buildRules = (
			);
			dependencies = (
			);
			name = GeonHuiex3;
			productName = GeonHuiex3;
			productReference = BBDED5931D92188500294F8C /* GeonHuiex3 */;
			productType = "com.apple.product-type.tool";
		};
/* End PBXNativeTarget section */

/* Begin PBXProject section */
		BBDED58B1D92188500294F8C /* Project object */ = {
			isa = PBXProject;
			attributes = {
				LastUpgradeCheck = 0800;
				ORGANIZATIONNAME = "geon hui kim";
				TargetAttributes = {
					BBDED5921D92188500294F8C = {
						CreatedOnToolsVersion = 8.0;
						ProvisioningStyle = Automatic;
					};
				};
			};
			buildConfigurationList = BBDED58E1D92188500294F8C /* Build configuration list for PBXProject "GeonHuiex3" */;
			compatibilityVersion = "Xcode 3.2";
			developmentRegion = English;
			hasScannedForEncodings = 0;
			knownRegions = (
				en,
			);
			mainGroup = BBDED58A1D92188500294F8C;
			productRefGroup = BBDED5941D92188500294F8C /* Products */;
			projectDirPath = "";
			projectRoot = "";
			targets = (
				BBDED5921D92188500294F8C /* GeonHuiex3 */,
			);
		};
/* End PBXProject section */

/* Begin PBXSourcesBuildPhase section */
		BBDED58F1D92188500294F8C /* Sources */ = {
			isa = PBXSourcesBuildPhase;
			buildActionMask = 2147483647;
			files = (
				BBDED5A21D92218700294F8C /* Wisserd.m in Sources */,
				BBDED59F1D9220B500294F8C /* Warrior.m in Sources */,
				BBDED5A51D92687E00294F8C /* Dog.m in Sources */,
				BBDED5971D92188500294F8C /* main.m in Sources */,
				BBDED5A81D92688D00294F8C /* Cat.m in Sources */,
			);
			runOnlyForDeploymentPostprocessing = 0;
		};
/* End PBXSourcesBuildPhase section */

/* Begin XCBuildConfiguration section */
		BBDED5981D92188500294F8C /* Debug */ = {
			isa = XCBuildConfiguration;
			buildSettings = {
				ALWAYS_SEARCH_USER_PATHS = NO;
				CLANG_ANALYZER_NONNULL = YES;
				CLANG_CXX_LANGUAGE_STANDARD = "gnu++0x";
				CLANG_CXX_LIBRARY = "libc++";
				CLANG_ENABLE_MODULES = YES;
				CLANG_ENABLE_OBJC_ARC = YES;
				CLANG_WARN_BOOL_CONVERSION = YES;
				CLANG_WARN_CONSTANT_CONVERSION = YES;
				CLANG_WARN_DIRECT_OBJC_ISA_USAGE = YES_ERROR;
				CLANG_WARN_DOCUMENTATION_COMMENTS = YES;
				CLANG_WARN_EMPTY_BODY = YES;
				CLANG_WARN_ENUM_CONVERSION = YES;
				CLANG_WARN_INFINITE_RECURSION = YES;
				CLANG_WARN_INT_CONVERSION = YES;
				CLANG_WARN_OBJC_ROOT_CLASS = YES_ERROR;
				CLANG_WARN_SUSPICIOUS_MOVES = YES;
				CLANG_WARN_UNREACHABLE_CODE = YES;
				CLANG_WARN__DUPLICATE_METHOD_MATCH = YES;
				CODE_SIGN_IDENTITY = "-";
				COPY_PHASE_STRIP = NO;
				DEBUG_INFORMATION_FORMAT = dwarf;
				ENABLE_STRICT_OBJC_MSGSEND = YES;
				ENABLE_TESTABILITY = YES;
				GCC_C_LANGUAGE_STANDARD = gnu99;
				GCC_DYNAMIC_NO_PIC = NO;
				GCC_NO_COMMON_BLOCKS = YES;
				GCC_OPTIMIZATION_LEVEL = 0;
				GCC_PREPROCESSOR_DEFINITIONS = (
					"DEBUG=1",
					"$(inherited)",
				);
				GCC_WARN_64_TO_32_BIT_CONVERSION = YES;
				GCC_WARN_ABOUT_RETURN_TYPE = YES_ERROR;
				GCC_WARN_UNDECLARED_SELECTOR = YES;
				GCC_WARN_UNINITIALIZED_AUTOS = YES_AGGRESSIVE;
				GCC_WARN_UNUSED_FUNCTION = YES;
				GCC_WARN_UNUSED_VARIABLE = YES;
				MACOSX_DEPLOYMENT_TARGET = 10.11;
				MTL_ENABLE_DEBUG_INFO = YES;
				ONLY_ACTIVE_ARCH = YES;
				SDKROOT = macosx;
			};
			name = Debug;
		};
		BBDED5991D92188500294F8C /* Release */ = {
			isa = XCBuildConfiguration;
			buildSettings = {
				ALWAYS_SEARCH_USER_PATHS = NO;
				CLANG_ANALYZER_NONNULL = YES;
				CLANG_CXX_LANGUAGE_STANDARD = "gnu++0x";
				CLANG_CXX_LIBRARY = "libc++";
				CLANG_ENABLE_MODULES = YES;
				CLANG_ENABLE_OBJC_ARC = YES;
				CLANG_WARN_BOOL_CONVERSION = YES;
				CLANG_WARN_CONSTANT_CONVERSION = YES;
				CLANG_WARN_DIRECT_OBJC_ISA_USAGE = YES_ERROR;
				CLANG_WARN_DOCUMENTATION_COMMENTS = YES;
				CLANG_WARN_EMPTY_BODY = YES;
				CLANG_WARN_ENUM_CONVERSION = YES;
				CLANG_WARN_INFINITE_RECURSION = YES;
				CLANG_WARN_INT_CONVERSION = YES;
				CLANG_WARN_OBJC_ROOT_CLASS = YES_ERROR;
				CLANG_WARN_SUSPICIOUS_MOVES = YES;
				CLANG_WARN_UNREACHABLE_CODE = YES;
				CLANG_WARN__DUPLICATE_METHOD_MATCH = YES;
				CODE_SIGN_IDENTITY = "-";
				COPY_PHASE_STRIP = NO;
				DEBUG_INFORMATION_FORMAT = "dwarf-with-dsym";
				ENABLE_NS_ASSERTIONS = NO;
				ENABLE_STRICT_OBJC_MSGSEND = YES;
				GCC_C_LANGUAGE_STANDARD = gnu99;
				GCC_NO_COMMON_BLOCKS = YES;
				GCC_WARN_64_TO_32_BIT_CONVERSION = YES;
				GCC_WARN_ABOUT_RETURN_TYPE = YES_ERROR;
				GCC_WARN_UNDECLARED_SELECTOR = YES;
				GCC_WARN_UNINITIALIZED_AUTOS = YES_AGGRESSIVE;
				GCC_WARN_UNUSED_FUNCTION = YES;
				GCC_WARN_UNUSED_VARIABLE = YES;
				MACOSX_DEPLOYMENT_TARGET = 10.11;
				MTL_ENABLE_DEBUG_INFO = NO;
				SDKROOT = macosx;
			};
			name = Release;
		};
		BBDED59B1D92188500294F8C /* Debug */ = {
			isa = XCBuildConfiguration;
			buildSettings = {
				PRODUCT_NAME = "$(TARGET_NAME)";
			};
			name = Debug;
		};
		BBDED59C1D92188500294F8C /* Release */ = {
			isa = XCBuildConfiguration;
			buildSettings = {
				PRODUCT_NAME = "$(TARGET_NAME)";
			};
			name = Release;
		};
/* End XCBuildConfiguration section */

/* Begin XCConfigurationList section */
		BBDED58E1D92188500294F8C /* Build configuration list for PBXProject "GeonHuiex3" */ = {
			isa = XCConfigurationList;
			buildConfigurations = (
				BBDED5981D92188500294F8C /* Debug */,
				BBDED5991D92188500294F8C /* Release */,
			);
			defaultConfigurationIsVisible = 0;
			defaultConfigurationName = Release;
		};
		BBDED59A1D92188500294F8C /* Build configuration list for PBXNativeTarget "GeonHuiex3" */ = {
			isa = XCConfigurationList;
			buildConfigurations = (
				BBDED59B1D92188500294F8C /* Debug */,
				BBDED59C1D92188500294F8C /* Release */,
			);
			defaultConfigurationIsVisible = 0;
		};
/* End XCConfigurationList section */
	};
	rootObject = BBDED58B1D92188500294F8C /* Project object */;
}
