// !$*UTF8*$!
{
	archiveVersion = 1;
	classes = {
	};
	objectVersion = 46;
	objects = {

/* Begin PBXBuildFile section */
		BB59BFC51DB85F8C006E1DC5 /* main.m in Sources */ = {isa = PBXBuildFile; fileRef = BB59BFC41DB85F8C006E1DC5 /* main.m */; };
		BB59BFCD1DB85FB2006E1DC5 /* MyClass.m in Sources */ = {isa = PBXBuildFile; fileRef = BB59BFCC1DB85FB2006E1DC5 /* MyClass.m */; };
/* End PBXBuildFile section */

/* Begin PBXCopyFilesBuildPhase section */
		BB59BFBF1DB85F8C006E1DC5 /* CopyFiles */ = {
			isa = PBXCopyFilesBuildPhase;
			buildActionMask = 2147483647;
			dstPath = /usr/share/man/man1/;
			dstSubfolderSpec = 0;
			files = (
			);
			runOnlyForDeploymentPostprocessing = 1;
		};
/* End PBXCopyFilesBuildPhase section */

/* Begin PBXFileReference section */
		BB59BFC11DB85F8C006E1DC5 /* ObjectLifeCycle */ = {isa = PBXFileReference; explicitFileType = "compiled.mach-o.executable"; includeInIndex = 0; path = ObjectLifeCycle; sourceTree = BUILT_PRODUCTS_DIR; };
		BB59BFC41DB85F8C006E1DC5 /* main.m */ = {isa = PBXFileReference; lastKnownFileType = sourcecode.c.objc; path = main.m; sourceTree = "<group>"; };
		BB59BFCB1DB85FB2006E1DC5 /* MyClass.h */ = {isa = PBXFileReference; fileEncoding = 4; lastKnownFileType = sourcecode.c.h; path = MyClass.h; sourceTree = "<group>"; };
		BB59BFCC1DB85FB2006E1DC5 /* MyClass.m */ = {isa = PBXFileReference; fileEncoding = 4; lastKnownFileType = sourcecode.c.objc; path = MyClass.m; sourceTree = "<group>"; };
/* End PBXFileReference section */

/* Begin PBXFrameworksBuildPhase section */
		BB59BFBE1DB85F8C006E1DC5 /* Frameworks */ = {
			isa = PBXFrameworksBuildPhase;
			buildActionMask = 2147483647;
			files = (
			);
			runOnlyForDeploymentPostprocessing = 0;
		};
/* End PBXFrameworksBuildPhase section */

/* Begin PBXGroup section */
		BB59BFB81DB85F8C006E1DC5 = {
			isa = PBXGroup;
			children = (
				BB59BFC31DB85F8C006E1DC5 /* ObjectLifeCycle */,
				BB59BFC21DB85F8C006E1DC5 /* Products */,
			);
			sourceTree = "<group>";
		};
		BB59BFC21DB85F8C006E1DC5 /* Products */ = {
			isa = PBXGroup;
			children = (
				BB59BFC11DB85F8C006E1DC5 /* ObjectLifeCycle */,
			);
			name = Products;
			sourceTree = "<group>";
		};
		BB59BFC31DB85F8C006E1DC5 /* ObjectLifeCycle */ = {
			isa = PBXGroup;
			children = (
				BB59BFC41DB85F8C006E1DC5 /* main.m */,
				BB59BFCB1DB85FB2006E1DC5 /* MyClass.h */,
				BB59BFCC1DB85FB2006E1DC5 /* MyClass.m */,
			);
			path = ObjectLifeCycle;
			sourceTree = "<group>";
		};
/* End PBXGroup section */

/* Begin PBXNativeTarget section */
		BB59BFC01DB85F8C006E1DC5 /* ObjectLifeCycle */ = {
			isa = PBXNativeTarget;
			buildConfigurationList = BB59BFC81DB85F8C006E1DC5 /* Build configuration list for PBXNativeTarget "ObjectLifeCycle" */;
			buildPhases = (
				BB59BFBD1DB85F8C006E1DC5 /* Sources */,
				BB59BFBE1DB85F8C006E1DC5 /* Frameworks */,
				BB59BFBF1DB85F8C006E1DC5 /* CopyFiles */,
			);
			buildRules = (
			);
			dependencies = (
			);
			name = ObjectLifeCycle;
			productName = ObjectLifeCycle;
			productReference = BB59BFC11DB85F8C006E1DC5 /* ObjectLifeCycle */;
			productType = "com.apple.product-type.tool";
		};
/* End PBXNativeTarget section */

/* Begin PBXProject section */
		BB59BFB91DB85F8C006E1DC5 /* Project object */ = {
			isa = PBXProject;
			attributes = {
				LastUpgradeCheck = 0800;
				ORGANIZATIONNAME = "geon hui kim";
				TargetAttributes = {
					BB59BFC01DB85F8C006E1DC5 = {
						CreatedOnToolsVersion = 8.0;
						ProvisioningStyle = Automatic;
					};
				};
			};
			buildConfigurationList = BB59BFBC1DB85F8C006E1DC5 /* Build configuration list for PBXProject "ObjectLifeCycle" */;
			compatibilityVersion = "Xcode 3.2";
			developmentRegion = English;
			hasScannedForEncodings = 0;
			knownRegions = (
				en,
			);
			mainGroup = BB59BFB81DB85F8C006E1DC5;
			productRefGroup = BB59BFC21DB85F8C006E1DC5 /* Products */;
			projectDirPath = "";
			projectRoot = "";
			targets = (
				BB59BFC01DB85F8C006E1DC5 /* ObjectLifeCycle */,
			);
		};
/* End PBXProject section */

/* Begin PBXSourcesBuildPhase section */
		BB59BFBD1DB85F8C006E1DC5 /* Sources */ = {
			isa = PBXSourcesBuildPhase;
			buildActionMask = 2147483647;
			files = (
				BB59BFCD1DB85FB2006E1DC5 /* MyClass.m in Sources */,
				BB59BFC51DB85F8C006E1DC5 /* main.m in Sources */,
			);
			runOnlyForDeploymentPostprocessing = 0;
		};
/* End PBXSourcesBuildPhase section */

/* Begin XCBuildConfiguration section */
		BB59BFC61DB85F8C006E1DC5 /* Debug */ = {
			isa = XCBuildConfiguration;
			buildSettings = {
				ALWAYS_SEARCH_USER_PATHS = NO;
				CLANG_ANALYZER_NONNULL = YES;
				CLANG_CXX_LANGUAGE_STANDARD = "gnu++0x";
				CLANG_CXX_LIBRARY = "libc++";
				CLANG_ENABLE_MODULES = YES;
				CLANG_ENABLE_OBJC_ARC = YES;
				CLANG_WARN_BOOL_CONVERSION = YES;
				CLANG_WARN_CONSTANT_CONVERSION = YES;
				CLANG_WARN_DIRECT_OBJC_ISA_USAGE = YES_ERROR;
				CLANG_WARN_DOCUMENTATION_COMMENTS = YES;
				CLANG_WARN_EMPTY_BODY = YES;
				CLANG_WARN_ENUM_CONVERSION = YES;
				CLANG_WARN_INFINITE_RECURSION = YES;
				CLANG_WARN_INT_CONVERSION = YES;
				CLANG_WARN_OBJC_ROOT_CLASS = YES_ERROR;
				CLANG_WARN_SUSPICIOUS_MOVES = YES;
				CLANG_WARN_UNREACHABLE_CODE = YES;
				CLANG_WARN__DUPLICATE_METHOD_MATCH = YES;
				CODE_SIGN_IDENTITY = "-";
				COPY_PHASE_STRIP = NO;
				DEBUG_INFORMATION_FORMAT = dwarf;
				ENABLE_STRICT_OBJC_MSGSEND = YES;
				ENABLE_TESTABILITY = YES;
				GCC_C_LANGUAGE_STANDARD = gnu99;
				GCC_DYNAMIC_NO_PIC = NO;
				GCC_NO_COMMON_BLOCKS = YES;
				GCC_OPTIMIZATION_LEVEL = 0;
				GCC_PREPROCESSOR_DEFINITIONS = (
					"DEBUG=1",
					"$(inherited)",
				);
				GCC_WARN_64_TO_32_BIT_CONVERSION = YES;
				GCC_WARN_ABOUT_RETURN_TYPE = YES_ERROR;
				GCC_WARN_UNDECLARED_SELECTOR = YES;
				GCC_WARN_UNINITIALIZED_AUTOS = YES_AGGRESSIVE;
				GCC_WARN_UNUSED_FUNCTION = YES;
				GCC_WARN_UNUSED_VARIABLE = YES;
				MACOSX_DEPLOYMENT_TARGET = 10.11;
				MTL_ENABLE_DEBUG_INFO = YES;
				ONLY_ACTIVE_ARCH = YES;
				SDKROOT = macosx;
			};
			name = Debug;
		};
		BB59BFC71DB85F8C006E1DC5 /* Release */ = {
			isa = XCBuildConfiguration;
			buildSettings = {
				ALWAYS_SEARCH_USER_PATHS = NO;
				CLANG_ANALYZER_NONNULL = YES;
				CLANG_CXX_LANGUAGE_STANDARD = "gnu++0x";
				CLANG_CXX_LIBRARY = "libc++";
				CLANG_ENABLE_MODULES = YES;
				CLANG_ENABLE_OBJC_ARC = YES;
				CLANG_WARN_BOOL_CONVERSION = YES;
				CLANG_WARN_CONSTANT_CONVERSION = YES;
				CLANG_WARN_DIRECT_OBJC_ISA_USAGE = YES_ERROR;
				CLANG_WARN_DOCUMENTATION_COMMENTS = YES;
				CLANG_WARN_EMPTY_BODY = YES;
				CLANG_WARN_ENUM_CONVERSION = YES;
				CLANG_WARN_INFINITE_RECURSION = YES;
				CLANG_WARN_INT_CONVERSION = YES;
				CLANG_WARN_OBJC_ROOT_CLASS = YES_ERROR;
				CLANG_WARN_SUSPICIOUS_MOVES = YES;
				CLANG_WARN_UNREACHABLE_CODE = YES;
				CLANG_WARN__DUPLICATE_METHOD_MATCH = YES;
				CODE_SIGN_IDENTITY = "-";
				COPY_PHASE_STRIP = NO;
				DEBUG_INFORMATION_FORMAT = "dwarf-with-dsym";
				ENABLE_NS_ASSERTIONS = NO;
				ENABLE_STRICT_OBJC_MSGSEND = YES;
				GCC_C_LANGUAGE_STANDARD = gnu99;
				GCC_NO_COMMON_BLOCKS = YES;
				GCC_WARN_64_TO_32_BIT_CONVERSION = YES;
				GCC_WARN_ABOUT_RETURN_TYPE = YES_ERROR;
				GCC_WARN_UNDECLARED_SELECTOR = YES;
				GCC_WARN_UNINITIALIZED_AUTOS = YES_AGGRESSIVE;
				GCC_WARN_UNUSED_FUNCTION = YES;
				GCC_WARN_UNUSED_VARIABLE = YES;
				MACOSX_DEPLOYMENT_TARGET = 10.11;
				MTL_ENABLE_DEBUG_INFO = NO;
				SDKROOT = macosx;
			};
			name = Release;
		};
		BB59BFC91DB85F8C006E1DC5 /* Debug */ = {
			isa = XCBuildConfiguration;
			buildSettings = {
				PRODUCT_NAME = "$(TARGET_NAME)";
			};
			name = Debug;
		};
		BB59BFCA1DB85F8C006E1DC5 /* Release */ = {
			isa = XCBuildConfiguration;
			buildSettings = {
				PRODUCT_NAME = "$(TARGET_NAME)";
			};
			name = Release;
		};
/* End XCBuildConfiguration section */

/* Begin XCConfigurationList section */
		BB59BFBC1DB85F8C006E1DC5 /* Build configuration list for PBXProject "ObjectLifeCycle" */ = {
			isa = XCConfigurationList;
			buildConfigurations = (
				BB59BFC61DB85F8C006E1DC5 /* Debug */,
				BB59BFC71DB85F8C006E1DC5 /* Release */,
			);
			defaultConfigurationIsVisible = 0;
			defaultConfigurationName = Release;
		};
		BB59BFC81DB85F8C006E1DC5 /* Build configuration list for PBXNativeTarget "ObjectLifeCycle" */ = {
			isa = XCConfigurationList;
			buildConfigurations = (
				BB59BFC91DB85F8C006E1DC5 /* Debug */,
				BB59BFCA1DB85F8C006E1DC5 /* Release */,
			);
			defaultConfigurationIsVisible = 0;
		};
/* End XCConfigurationList section */
	};
	rootObject = BB59BFB91DB85F8C006E1DC5 /* Project object */;
}
