// !$*UTF8*$!
{
	archiveVersion = 1;
	classes = {
	};
	objectVersion = 46;
	objects = {

/* Begin PBXBuildFile section */
		BBDCFF431DAB384C00429981 /* main.m in Sources */ = {isa = PBXBuildFile; fileRef = BBDCFF421DAB384C00429981 /* main.m */; };
		BBDCFF461DAB384C00429981 /* AppDelegate.m in Sources */ = {isa = PBXBuildFile; fileRef = BBDCFF451DAB384C00429981 /* AppDelegate.m */; };
		BBDCFF491DAB384C00429981 /* ViewController.m in Sources */ = {isa = PBXBuildFile; fileRef = BBDCFF481DAB384C00429981 /* ViewController.m */; };
		BBDCFF4C1DAB384C00429981 /* Main.storyboard in Resources */ = {isa = PBXBuildFile; fileRef = BBDCFF4A1DAB384C00429981 /* Main.storyboard */; };
		BBDCFF4E1DAB384C00429981 /* Assets.xcassets in Resources */ = {isa = PBXBuildFile; fileRef = BBDCFF4D1DAB384C00429981 /* Assets.xcassets */; };
		BBDCFF511DAB384C00429981 /* LaunchScreen.storyboard in Resources */ = {isa = PBXBuildFile; fileRef = BBDCFF4F1DAB384C00429981 /* LaunchScreen.storyboard */; };
/* End PBXBuildFile section */

/* Begin PBXFileReference section */
		BBDCFF3E1DAB384C00429981 /* GeonHuiex13.app */ = {isa = PBXFileReference; explicitFileType = wrapper.application; includeInIndex = 0; path = GeonHuiex13.app; sourceTree = BUILT_PRODUCTS_DIR; };
		BBDCFF421DAB384C00429981 /* main.m */ = {isa = PBXFileReference; lastKnownFileType = sourcecode.c.objc; path = main.m; sourceTree = "<group>"; };
		BBDCFF441DAB384C00429981 /* AppDelegate.h */ = {isa = PBXFileReference; lastKnownFileType = sourcecode.c.h; path = AppDelegate.h; sourceTree = "<group>"; };
		BBDCFF451DAB384C00429981 /* AppDelegate.m */ = {isa = PBXFileReference; lastKnownFileType = sourcecode.c.objc; path = AppDelegate.m; sourceTree = "<group>"; };
		BBDCFF471DAB384C00429981 /* ViewController.h */ = {isa = PBXFileReference; lastKnownFileType = sourcecode.c.h; path = ViewController.h; sourceTree = "<group>"; };
		BBDCFF481DAB384C00429981 /* ViewController.m */ = {isa = PBXFileReference; lastKnownFileType = sourcecode.c.objc; path = ViewController.m; sourceTree = "<group>"; };
		BBDCFF4B1DAB384C00429981 /* Base */ = {isa = PBXFileReference; lastKnownFileType = file.storyboard; name = Base; path = Base.lproj/Main.storyboard; sourceTree = "<group>"; };
		BBDCFF4D1DAB384C00429981 /* Assets.xcassets */ = {isa = PBXFileReference; lastKnownFileType = folder.assetcatalog; path = Assets.xcassets; sourceTree = "<group>"; };
		BBDCFF501DAB384C00429981 /* Base */ = {isa = PBXFileReference; lastKnownFileType = file.storyboard; name = Base; path = Base.lproj/LaunchScreen.storyboard; sourceTree = "<group>"; };
		BBDCFF521DAB384C00429981 /* Info.plist */ = {isa = PBXFileReference; lastKnownFileType = text.plist.xml; path = Info.plist; sourceTree = "<group>"; };
/* End PBXFileReference section */

/* Begin PBXFrameworksBuildPhase section */
		BBDCFF3B1DAB384C00429981 /* Frameworks */ = {
			isa = PBXFrameworksBuildPhase;
			buildActionMask = 2147483647;
			files = (
			);
			runOnlyForDeploymentPostprocessing = 0;
		};
/* End PBXFrameworksBuildPhase section */

/* Begin PBXGroup section */
		BBDCFF351DAB384C00429981 = {
			isa = PBXGroup;
			children = (
				BBDCFF401DAB384C00429981 /* GeonHuiex13 */,
				BBDCFF3F1DAB384C00429981 /* Products */,
			);
			sourceTree = "<group>";
		};
		BBDCFF3F1DAB384C00429981 /* Products */ = {
			isa = PBXGroup;
			children = (
				BBDCFF3E1DAB384C00429981 /* GeonHuiex13.app */,
			);
			name = Products;
			sourceTree = "<group>";
		};
		BBDCFF401DAB384C00429981 /* GeonHuiex13 */ = {
			isa = PBXGroup;
			children = (
				BBDCFF441DAB384C00429981 /* AppDelegate.h */,
				BBDCFF451DAB384C00429981 /* AppDelegate.m */,
				BBDCFF471DAB384C00429981 /* ViewController.h */,
				BBDCFF481DAB384C00429981 /* ViewController.m */,
				BBDCFF4A1DAB384C00429981 /* Main.storyboard */,
				BBDCFF4D1DAB384C00429981 /* Assets.xcassets */,
				BBDCFF4F1DAB384C00429981 /* LaunchScreen.storyboard */,
				BBDCFF521DAB384C00429981 /* Info.plist */,
				BBDCFF411DAB384C00429981 /* Supporting Files */,
			);
			path = GeonHuiex13;
			sourceTree = "<group>";
		};
		BBDCFF411DAB384C00429981 /* Supporting Files */ = {
			isa = PBXGroup;
			children = (
				BBDCFF421DAB384C00429981 /* main.m */,
			);
			name = "Supporting Files";
			sourceTree = "<group>";
		};
/* End PBXGroup section */

/* Begin PBXNativeTarget section */
		BBDCFF3D1DAB384C00429981 /* GeonHuiex13 */ = {
			isa = PBXNativeTarget;
			buildConfigurationList = BBDCFF551DAB384C00429981 /* Build configuration list for PBXNativeTarget "GeonHuiex13" */;
			buildPhases = (
				BBDCFF3A1DAB384C00429981 /* Sources */,
				BBDCFF3B1DAB384C00429981 /* Frameworks */,
				BBDCFF3C1DAB384C00429981 /* Resources */,
			);
			buildRules = (
			);
			dependencies = (
			);
			name = GeonHuiex13;
			productName = GeonHuiex13;
			productReference = BBDCFF3E1DAB384C00429981 /* GeonHuiex13.app */;
			productType = "com.apple.product-type.application";
		};
/* End PBXNativeTarget section */

/* Begin PBXProject section */
		BBDCFF361DAB384C00429981 /* Project object */ = {
			isa = PBXProject;
			attributes = {
				LastUpgradeCheck = 0800;
				ORGANIZATIONNAME = "geon hui kim";
				TargetAttributes = {
					BBDCFF3D1DAB384C00429981 = {
						CreatedOnToolsVersion = 8.0;
						ProvisioningStyle = Automatic;
					};
				};
			};
			buildConfigurationList = BBDCFF391DAB384C00429981 /* Build configuration list for PBXProject "GeonHuiex13" */;
			compatibilityVersion = "Xcode 3.2";
			developmentRegion = English;
			hasScannedForEncodings = 0;
			knownRegions = (
				en,
				Base,
			);
			mainGroup = BBDCFF351DAB384C00429981;
			productRefGroup = BBDCFF3F1DAB384C00429981 /* Products */;
			projectDirPath = "";
			projectRoot = "";
			targets = (
				BBDCFF3D1DAB384C00429981 /* GeonHuiex13 */,
			);
		};
/* End PBXProject section */

/* Begin PBXResourcesBuildPhase section */
		BBDCFF3C1DAB384C00429981 /* Resources */ = {
			isa = PBXResourcesBuildPhase;
			buildActionMask = 2147483647;
			files = (
				BBDCFF511DAB384C00429981 /* LaunchScreen.storyboard in Resources */,
				BBDCFF4E1DAB384C00429981 /* Assets.xcassets in Resources */,
				BBDCFF4C1DAB384C00429981 /* Main.storyboard in Resources */,
			);
			runOnlyForDeploymentPostprocessing = 0;
		};
/* End PBXResourcesBuildPhase section */

/* Begin PBXSourcesBuildPhase section */
		BBDCFF3A1DAB384C00429981 /* Sources */ = {
			isa = PBXSourcesBuildPhase;
			buildActionMask = 2147483647;
			files = (
				BBDCFF491DAB384C00429981 /* ViewController.m in Sources */,
				BBDCFF461DAB384C00429981 /* AppDelegate.m in Sources */,
				BBDCFF431DAB384C00429981 /* main.m in Sources */,
			);
			runOnlyForDeploymentPostprocessing = 0;
		};
/* End PBXSourcesBuildPhase section */

/* Begin PBXVariantGroup section */
		BBDCFF4A1DAB384C00429981 /* Main.storyboard */ = {
			isa = PBXVariantGroup;
			children = (
				BBDCFF4B1DAB384C00429981 /* Base */,
			);
			name = Main.storyboard;
			sourceTree = "<group>";
		};
		BBDCFF4F1DAB384C00429981 /* LaunchScreen.storyboard */ = {
			isa = PBXVariantGroup;
			children = (
				BBDCFF501DAB384C00429981 /* Base */,
			);
			name = LaunchScreen.storyboard;
			sourceTree = "<group>";
		};
/* End PBXVariantGroup section */

/* Begin XCBuildConfiguration section */
		BBDCFF531DAB384C00429981 /* Debug */ = {
			isa = XCBuildConfiguration;
			buildSettings = {
				ALWAYS_SEARCH_USER_PATHS = NO;
				CLANG_ANALYZER_NONNULL = YES;
				CLANG_CXX_LANGUAGE_STANDARD = "gnu++0x";
				CLANG_CXX_LIBRARY = "libc++";
				CLANG_ENABLE_MODULES = YES;
				CLANG_ENABLE_OBJC_ARC = YES;
				CLANG_WARN_BOOL_CONVERSION = YES;
				CLANG_WARN_CONSTANT_CONVERSION = YES;
				CLANG_WARN_DIRECT_OBJC_ISA_USAGE = YES_ERROR;
				CLANG_WARN_DOCUMENTATION_COMMENTS = YES;
				CLANG_WARN_EMPTY_BODY = YES;
				CLANG_WARN_ENUM_CONVERSION = YES;
				CLANG_WARN_INFINITE_RECURSION = YES;
				CLANG_WARN_INT_CONVERSION = YES;
				CLANG_WARN_OBJC_ROOT_CLASS = YES_ERROR;
				CLANG_WARN_SUSPICIOUS_MOVES = YES;
				CLANG_WARN_UNREACHABLE_CODE = YES;
				CLANG_WARN__DUPLICATE_METHOD_MATCH = YES;
				"CODE_SIGN_IDENTITY[sdk=iphoneos*]" = "iPhone Developer";
				COPY_PHASE_STRIP = NO;
				DEBUG_INFORMATION_FORMAT = dwarf;
				ENABLE_STRICT_OBJC_MSGSEND = YES;
				ENABLE_TESTABILITY = YES;
				GCC_C_LANGUAGE_STANDARD = gnu99;
				GCC_DYNAMIC_NO_PIC = NO;
				GCC_NO_COMMON_BLOCKS = YES;
				GCC_OPTIMIZATION_LEVEL = 0;
				GCC_PREPROCESSOR_DEFINITIONS = (
					"DEBUG=1",
					"$(inherited)",
				);
				GCC_WARN_64_TO_32_BIT_CONVERSION = YES;
				GCC_WARN_ABOUT_RETURN_TYPE = YES_ERROR;
				GCC_WARN_UNDECLARED_SELECTOR = YES;
				GCC_WARN_UNINITIALIZED_AUTOS = YES_AGGRESSIVE;
				GCC_WARN_UNUSED_FUNCTION = YES;
				GCC_WARN_UNUSED_VARIABLE = YES;
				IPHONEOS_DEPLOYMENT_TARGET = 10.0;
				MTL_ENABLE_DEBUG_INFO = YES;
				ONLY_ACTIVE_ARCH = YES;
				SDKROOT = iphoneos;
			};
			name = Debug;
		};
		BBDCFF541DAB384C00429981 /* Release */ = {
			isa = XCBuildConfiguration;
			buildSettings = {
				ALWAYS_SEARCH_USER_PATHS = NO;
				CLANG_ANALYZER_NONNULL = YES;
				CLANG_CXX_LANGUAGE_STANDARD = "gnu++0x";
				CLANG_CXX_LIBRARY = "libc++";
				CLANG_ENABLE_MODULES = YES;
				CLANG_ENABLE_OBJC_ARC = YES;
				CLANG_WARN_BOOL_CONVERSION = YES;
				CLANG_WARN_CONSTANT_CONVERSION = YES;
				CLANG_WARN_DIRECT_OBJC_ISA_USAGE = YES_ERROR;
				CLANG_WARN_DOCUMENTATION_COMMENTS = YES;
				CLANG_WARN_EMPTY_BODY = YES;
				CLANG_WARN_ENUM_CONVERSION = YES;
				CLANG_WARN_INFINITE_RECURSION = YES;
				CLANG_WARN_INT_CONVERSION = YES;
				CLANG_WARN_OBJC_ROOT_CLASS = YES_ERROR;
				CLANG_WARN_SUSPICIOUS_MOVES = YES;
				CLANG_WARN_UNREACHABLE_CODE = YES;
				CLANG_WARN__DUPLICATE_METHOD_MATCH = YES;
				"CODE_SIGN_IDENTITY[sdk=iphoneos*]" = "iPhone Developer";
				COPY_PHASE_STRIP = NO;
				DEBUG_INFORMATION_FORMAT = "dwarf-with-dsym";
				ENABLE_NS_ASSERTIONS = NO;
				ENABLE_STRICT_OBJC_MSGSEND = YES;
				GCC_C_LANGUAGE_STANDARD = gnu99;
				GCC_NO_COMMON_BLOCKS = YES;
				GCC_WARN_64_TO_32_BIT_CONVERSION = YES;
				GCC_WARN_ABOUT_RETURN_TYPE = YES_ERROR;
				GCC_WARN_UNDECLARED_SELECTOR = YES;
				GCC_WARN_UNINITIALIZED_AUTOS = YES_AGGRESSIVE;
				GCC_WARN_UNUSED_FUNCTION = YES;
				GCC_WARN_UNUSED_VARIABLE = YES;
				IPHONEOS_DEPLOYMENT_TARGET = 10.0;
				MTL_ENABLE_DEBUG_INFO = NO;
				SDKROOT = iphoneos;
				VALIDATE_PRODUCT = YES;
			};
			name = Release;
		};
		BBDCFF561DAB384C00429981 /* Debug */ = {
			isa = XCBuildConfiguration;
			buildSettings = {
				ASSETCATALOG_COMPILER_APPICON_NAME = AppIcon;
				INFOPLIST_FILE = GeonHuiex13/Info.plist;
				LD_RUNPATH_SEARCH_PATHS = "$(inherited) @executable_path/Frameworks";
				PRODUCT_BUNDLE_IDENTIFIER = com.fastcampus.GeonHuiex13;
				PRODUCT_NAME = "$(TARGET_NAME)";
			};
			name = Debug;
		};
		BBDCFF571DAB384C00429981 /* Release */ = {
			isa = XCBuildConfiguration;
			buildSettings = {
				ASSETCATALOG_COMPILER_APPICON_NAME = AppIcon;
				INFOPLIST_FILE = GeonHuiex13/Info.plist;
				LD_RUNPATH_SEARCH_PATHS = "$(inherited) @executable_path/Frameworks";
				PRODUCT_BUNDLE_IDENTIFIER = com.fastcampus.GeonHuiex13;
				PRODUCT_NAME = "$(TARGET_NAME)";
			};
			name = Release;
		};
/* End XCBuildConfiguration section */

/* Begin XCConfigurationList section */
		BBDCFF391DAB384C00429981 /* Build configuration list for PBXProject "GeonHuiex13" */ = {
			isa = XCConfigurationList;
			buildConfigurations = (
				BBDCFF531DAB384C00429981 /* Debug */,
				BBDCFF541DAB384C00429981 /* Release */,
			);
			defaultConfigurationIsVisible = 0;
			defaultConfigurationName = Release;
		};
		BBDCFF551DAB384C00429981 /* Build configuration list for PBXNativeTarget "GeonHuiex13" */ = {
			isa = XCConfigurationList;
			buildConfigurations = (
				BBDCFF561DAB384C00429981 /* Debug */,
				BBDCFF571DAB384C00429981 /* Release */,
			);
			defaultConfigurationIsVisible = 0;
		};
/* End XCConfigurationList section */
	};
	rootObject = BBDCFF361DAB384C00429981 /* Project object */;
}
