// !$*UTF8*$!
{
	archiveVersion = 1;
	classes = {
	};
	objectVersion = 46;
	objects = {

/* Begin PBXBuildFile section */
		BB33EB9B1D94BCD200DF57D0 /* main.m in Sources */ = {isa = PBXBuildFile; fileRef = BB33EB9A1D94BCD200DF57D0 /* main.m */; };
		BB33EBA31D94BCF000DF57D0 /* Person.m in Sources */ = {isa = PBXBuildFile; fileRef = BB33EBA21D94BCF000DF57D0 /* Person.m */; };
		BB33EBA61D94C55500DF57D0 /* Student.m in Sources */ = {isa = PBXBuildFile; fileRef = BB33EBA51D94C55500DF57D0 /* Student.m */; };
/* End PBXBuildFile section */

/* Begin PBXCopyFilesBuildPhase section */
		BB33EB951D94BCD200DF57D0 /* CopyFiles */ = {
			isa = PBXCopyFilesBuildPhase;
			buildActionMask = 2147483647;
			dstPath = /usr/share/man/man1/;
			dstSubfolderSpec = 0;
			files = (
			);
			runOnlyForDeploymentPostprocessing = 1;
		};
/* End PBXCopyFilesBuildPhase section */

/* Begin PBXFileReference section */
		BB33EB971D94BCD200DF57D0 /* GeonHuiex5 */ = {isa = PBXFileReference; explicitFileType = "compiled.mach-o.executable"; includeInIndex = 0; path = GeonHuiex5; sourceTree = BUILT_PRODUCTS_DIR; };
		BB33EB9A1D94BCD200DF57D0 /* main.m */ = {isa = PBXFileReference; lastKnownFileType = sourcecode.c.objc; path = main.m; sourceTree = "<group>"; };
		BB33EBA11D94BCF000DF57D0 /* Person.h */ = {isa = PBXFileReference; fileEncoding = 4; lastKnownFileType = sourcecode.c.h; path = Person.h; sourceTree = "<group>"; };
		BB33EBA21D94BCF000DF57D0 /* Person.m */ = {isa = PBXFileReference; fileEncoding = 4; lastKnownFileType = sourcecode.c.objc; path = Person.m; sourceTree = "<group>"; };
		BB33EBA41D94C55500DF57D0 /* Student.h */ = {isa = PBXFileReference; fileEncoding = 4; lastKnownFileType = sourcecode.c.h; path = Student.h; sourceTree = "<group>"; };
		BB33EBA51D94C55500DF57D0 /* Student.m */ = {isa = PBXFileReference; fileEncoding = 4; lastKnownFileType = sourcecode.c.objc; path = Student.m; sourceTree = "<group>"; };
/* End PBXFileReference section */

/* Begin PBXFrameworksBuildPhase section */
		BB33EB941D94BCD200DF57D0 /* Frameworks */ = {
			isa = PBXFrameworksBuildPhase;
			buildActionMask = 2147483647;
			files = (
			);
			runOnlyForDeploymentPostprocessing = 0;
		};
/* End PBXFrameworksBuildPhase section */

/* Begin PBXGroup section */
		BB33EB8E1D94BCD200DF57D0 = {
			isa = PBXGroup;
			children = (
				BB33EB991D94BCD200DF57D0 /* GeonHuiex5 */,
				BB33EB981D94BCD200DF57D0 /* Products */,
			);
			sourceTree = "<group>";
		};
		BB33EB981D94BCD200DF57D0 /* Products */ = {
			isa = PBXGroup;
			children = (
				BB33EB971D94BCD200DF57D0 /* GeonHuiex5 */,
			);
			name = Products;
			sourceTree = "<group>";
		};
		BB33EB991D94BCD200DF57D0 /* GeonHuiex5 */ = {
			isa = PBXGroup;
			children = (
				BB33EB9A1D94BCD200DF57D0 /* main.m */,
				BB33EBA11D94BCF000DF57D0 /* Person.h */,
				BB33EBA21D94BCF000DF57D0 /* Person.m */,
				BB33EBA41D94C55500DF57D0 /* Student.h */,
				BB33EBA51D94C55500DF57D0 /* Student.m */,
			);
			path = GeonHuiex5;
			sourceTree = "<group>";
		};
/* End PBXGroup section */

/* Begin PBXNativeTarget section */
		BB33EB961D94BCD200DF57D0 /* GeonHuiex5 */ = {
			isa = PBXNativeTarget;
			buildConfigurationList = BB33EB9E1D94BCD200DF57D0 /* Build configuration list for PBXNativeTarget "GeonHuiex5" */;
			buildPhases = (
				BB33EB931D94BCD200DF57D0 /* Sources */,
				BB33EB941D94BCD200DF57D0 /* Frameworks */,
				BB33EB951D94BCD200DF57D0 /* CopyFiles */,
			);
			buildRules = (
			);
			dependencies = (
			);
			name = GeonHuiex5;
			productName = GeonHuiex5;
			productReference = BB33EB971D94BCD200DF57D0 /* GeonHuiex5 */;
			productType = "com.apple.product-type.tool";
		};
/* End PBXNativeTarget section */

/* Begin PBXProject section */
		BB33EB8F1D94BCD200DF57D0 /* Project object */ = {
			isa = PBXProject;
			attributes = {
				LastUpgradeCheck = 0800;
				ORGANIZATIONNAME = "geon hui kim";
				TargetAttributes = {
					BB33EB961D94BCD200DF57D0 = {
						CreatedOnToolsVersion = 8.0;
						ProvisioningStyle = Automatic;
					};
				};
			};
			buildConfigurationList = BB33EB921D94BCD200DF57D0 /* Build configuration list for PBXProject "GeonHuiex5" */;
			compatibilityVersion = "Xcode 3.2";
			developmentRegion = English;
			hasScannedForEncodings = 0;
			knownRegions = (
				en,
			);
			mainGroup = BB33EB8E1D94BCD200DF57D0;
			productRefGroup = BB33EB981D94BCD200DF57D0 /* Products */;
			projectDirPath = "";
			projectRoot = "";
			targets = (
				BB33EB961D94BCD200DF57D0 /* GeonHuiex5 */,
			);
		};
/* End PBXProject section */

/* Begin PBXSourcesBuildPhase section */
		BB33EB931D94BCD200DF57D0 /* Sources */ = {
			isa = PBXSourcesBuildPhase;
			buildActionMask = 2147483647;
			files = (
				BB33EBA31D94BCF000DF57D0 /* Person.m in Sources */,
				BB33EB9B1D94BCD200DF57D0 /* main.m in Sources */,
				BB33EBA61D94C55500DF57D0 /* Student.m in Sources */,
			);
			runOnlyForDeploymentPostprocessing = 0;
		};
/* End PBXSourcesBuildPhase section */

/* Begin XCBuildConfiguration section */
		BB33EB9C1D94BCD200DF57D0 /* Debug */ = {
			isa = XCBuildConfiguration;
			buildSettings = {
				ALWAYS_SEARCH_USER_PATHS = NO;
				CLANG_ANALYZER_NONNULL = YES;
				CLANG_CXX_LANGUAGE_STANDARD = "gnu++0x";
				CLANG_CXX_LIBRARY = "libc++";
				CLANG_ENABLE_MODULES = YES;
				CLANG_ENABLE_OBJC_ARC = YES;
				CLANG_WARN_BOOL_CONVERSION = YES;
				CLANG_WARN_CONSTANT_CONVERSION = YES;
				CLANG_WARN_DIRECT_OBJC_ISA_USAGE = YES_ERROR;
				CLANG_WARN_DOCUMENTATION_COMMENTS = YES;
				CLANG_WARN_EMPTY_BODY = YES;
				CLANG_WARN_ENUM_CONVERSION = YES;
				CLANG_WARN_INFINITE_RECURSION = YES;
				CLANG_WARN_INT_CONVERSION = YES;
				CLANG_WARN_OBJC_ROOT_CLASS = YES_ERROR;
				CLANG_WARN_SUSPICIOUS_MOVES = YES;
				CLANG_WARN_UNREACHABLE_CODE = YES;
				CLANG_WARN__DUPLICATE_METHOD_MATCH = YES;
				CODE_SIGN_IDENTITY = "-";
				COPY_PHASE_STRIP = NO;
				DEBUG_INFORMATION_FORMAT = dwarf;
				ENABLE_STRICT_OBJC_MSGSEND = YES;
				ENABLE_TESTABILITY = YES;
				GCC_C_LANGUAGE_STANDARD = gnu99;
				GCC_DYNAMIC_NO_PIC = NO;
				GCC_NO_COMMON_BLOCKS = YES;
				GCC_OPTIMIZATION_LEVEL = 0;
				GCC_PREPROCESSOR_DEFINITIONS = (
					"DEBUG=1",
					"$(inherited)",
				);
				GCC_WARN_64_TO_32_BIT_CONVERSION = YES;
				GCC_WARN_ABOUT_RETURN_TYPE = YES_ERROR;
				GCC_WARN_UNDECLARED_SELECTOR = YES;
				GCC_WARN_UNINITIALIZED_AUTOS = YES_AGGRESSIVE;
				GCC_WARN_UNUSED_FUNCTION = YES;
				GCC_WARN_UNUSED_VARIABLE = YES;
				MACOSX_DEPLOYMENT_TARGET = 10.11;
				MTL_ENABLE_DEBUG_INFO = YES;
				ONLY_ACTIVE_ARCH = YES;
				SDKROOT = macosx;
			};
			name = Debug;
		};
		BB33EB9D1D94BCD200DF57D0 /* Release */ = {
			isa = XCBuildConfiguration;
			buildSettings = {
				ALWAYS_SEARCH_USER_PATHS = NO;
				CLANG_ANALYZER_NONNULL = YES;
				CLANG_CXX_LANGUAGE_STANDARD = "gnu++0x";
				CLANG_CXX_LIBRARY = "libc++";
				CLANG_ENABLE_MODULES = YES;
				CLANG_ENABLE_OBJC_ARC = YES;
				CLANG_WARN_BOOL_CONVERSION = YES;
				CLANG_WARN_CONSTANT_CONVERSION = YES;
				CLANG_WARN_DIRECT_OBJC_ISA_USAGE = YES_ERROR;
				CLANG_WARN_DOCUMENTATION_COMMENTS = YES;
				CLANG_WARN_EMPTY_BODY = YES;
				CLANG_WARN_ENUM_CONVERSION = YES;
				CLANG_WARN_INFINITE_RECURSION = YES;
				CLANG_WARN_INT_CONVERSION = YES;
				CLANG_WARN_OBJC_ROOT_CLASS = YES_ERROR;
				CLANG_WARN_SUSPICIOUS_MOVES = YES;
				CLANG_WARN_UNREACHABLE_CODE = YES;
				CLANG_WARN__DUPLICATE_METHOD_MATCH = YES;
				CODE_SIGN_IDENTITY = "-";
				COPY_PHASE_STRIP = NO;
				DEBUG_INFORMATION_FORMAT = "dwarf-with-dsym";
				ENABLE_NS_ASSERTIONS = NO;
				ENABLE_STRICT_OBJC_MSGSEND = YES;
				GCC_C_LANGUAGE_STANDARD = gnu99;
				GCC_NO_COMMON_BLOCKS = YES;
				GCC_WARN_64_TO_32_BIT_CONVERSION = YES;
				GCC_WARN_ABOUT_RETURN_TYPE = YES_ERROR;
				GCC_WARN_UNDECLARED_SELECTOR = YES;
				GCC_WARN_UNINITIALIZED_AUTOS = YES_AGGRESSIVE;
				GCC_WARN_UNUSED_FUNCTION = YES;
				GCC_WARN_UNUSED_VARIABLE = YES;
				MACOSX_DEPLOYMENT_TARGET = 10.11;
				MTL_ENABLE_DEBUG_INFO = NO;
				SDKROOT = macosx;
			};
			name = Release;
		};
		BB33EB9F1D94BCD200DF57D0 /* Debug */ = {
			isa = XCBuildConfiguration;
			buildSettings = {
				PRODUCT_NAME = "$(TARGET_NAME)";
			};
			name = Debug;
		};
		BB33EBA01D94BCD200DF57D0 /* Release */ = {
			isa = XCBuildConfiguration;
			buildSettings = {
				PRODUCT_NAME = "$(TARGET_NAME)";
			};
			name = Release;
		};
/* End XCBuildConfiguration section */

/* Begin XCConfigurationList section */
		BB33EB921D94BCD200DF57D0 /* Build configuration list for PBXProject "GeonHuiex5" */ = {
			isa = XCConfigurationList;
			buildConfigurations = (
				BB33EB9C1D94BCD200DF57D0 /* Debug */,
				BB33EB9D1D94BCD200DF57D0 /* Release */,
			);
			defaultConfigurationIsVisible = 0;
			defaultConfigurationName = Release;
		};
		BB33EB9E1D94BCD200DF57D0 /* Build configuration list for PBXNativeTarget "GeonHuiex5" */ = {
			isa = XCConfigurationList;
			buildConfigurations = (
				BB33EB9F1D94BCD200DF57D0 /* Debug */,
				BB33EBA01D94BCD200DF57D0 /* Release */,
			);
			defaultConfigurationIsVisible = 0;
		};
/* End XCConfigurationList section */
	};
	rootObject = BB33EB8F1D94BCD200DF57D0 /* Project object */;
}
