// !$*UTF8*$!
{
	archiveVersion = 1;
	classes = {
	};
	objectVersion = 46;
	objects = {

/* Begin PBXBuildFile section */
		BBDE4FDC1DB4666500B7FB50 /* main.m in Sources */ = {isa = PBXBuildFile; fileRef = BBDE4FDB1DB4666500B7FB50 /* main.m */; };
		BBDE4FDF1DB4666500B7FB50 /* AppDelegate.m in Sources */ = {isa = PBXBuildFile; fileRef = BBDE4FDE1DB4666500B7FB50 /* AppDelegate.m */; };
		BBDE4FE51DB4666500B7FB50 /* Main.storyboard in Resources */ = {isa = PBXBuildFile; fileRef = BBDE4FE31DB4666500B7FB50 /* Main.storyboard */; };
		BBDE4FE71DB4666500B7FB50 /* Assets.xcassets in Resources */ = {isa = PBXBuildFile; fileRef = BBDE4FE61DB4666500B7FB50 /* Assets.xcassets */; };
		BBDE4FEA1DB4666500B7FB50 /* LaunchScreen.storyboard in Resources */ = {isa = PBXBuildFile; fileRef = BBDE4FE81DB4666500B7FB50 /* LaunchScreen.storyboard */; };
		BBDE4FF31DB494CB00B7FB50 /* MyViewController.m in Sources */ = {isa = PBXBuildFile; fileRef = BBDE4FF21DB494CB00B7FB50 /* MyViewController.m */; };
		BBDE4FF61DB4AE1900B7FB50 /* Login.m in Sources */ = {isa = PBXBuildFile; fileRef = BBDE4FF51DB4AE1900B7FB50 /* Login.m */; };
/* End PBXBuildFile section */

/* Begin PBXFileReference section */
		BBDE4FD71DB4666500B7FB50 /* FirstStoryboard.app */ = {isa = PBXFileReference; explicitFileType = wrapper.application; includeInIndex = 0; path = FirstStoryboard.app; sourceTree = BUILT_PRODUCTS_DIR; };
		BBDE4FDB1DB4666500B7FB50 /* main.m */ = {isa = PBXFileReference; lastKnownFileType = sourcecode.c.objc; path = main.m; sourceTree = "<group>"; };
		BBDE4FDD1DB4666500B7FB50 /* AppDelegate.h */ = {isa = PBXFileReference; lastKnownFileType = sourcecode.c.h; path = AppDelegate.h; sourceTree = "<group>"; };
		BBDE4FDE1DB4666500B7FB50 /* AppDelegate.m */ = {isa = PBXFileReference; lastKnownFileType = sourcecode.c.objc; path = AppDelegate.m; sourceTree = "<group>"; };
		BBDE4FE41DB4666500B7FB50 /* Base */ = {isa = PBXFileReference; lastKnownFileType = file.storyboard; name = Base; path = Base.lproj/Main.storyboard; sourceTree = "<group>"; };
		BBDE4FE61DB4666500B7FB50 /* Assets.xcassets */ = {isa = PBXFileReference; lastKnownFileType = folder.assetcatalog; path = Assets.xcassets; sourceTree = "<group>"; };
		BBDE4FE91DB4666500B7FB50 /* Base */ = {isa = PBXFileReference; lastKnownFileType = file.storyboard; name = Base; path = Base.lproj/LaunchScreen.storyboard; sourceTree = "<group>"; };
		BBDE4FEB1DB4666500B7FB50 /* Info.plist */ = {isa = PBXFileReference; lastKnownFileType = text.plist.xml; path = Info.plist; sourceTree = "<group>"; };
		BBDE4FF11DB494CB00B7FB50 /* MyViewController.h */ = {isa = PBXFileReference; fileEncoding = 4; lastKnownFileType = sourcecode.c.h; path = MyViewController.h; sourceTree = "<group>"; };
		BBDE4FF21DB494CB00B7FB50 /* MyViewController.m */ = {isa = PBXFileReference; fileEncoding = 4; lastKnownFileType = sourcecode.c.objc; path = MyViewController.m; sourceTree = "<group>"; };
		BBDE4FF41DB4AE1900B7FB50 /* Login.h */ = {isa = PBXFileReference; fileEncoding = 4; lastKnownFileType = sourcecode.c.h; path = Login.h; sourceTree = "<group>"; };
		BBDE4FF51DB4AE1900B7FB50 /* Login.m */ = {isa = PBXFileReference; fileEncoding = 4; lastKnownFileType = sourcecode.c.objc; path = Login.m; sourceTree = "<group>"; };
/* End PBXFileReference section */

/* Begin PBXFrameworksBuildPhase section */
		BBDE4FD41DB4666500B7FB50 /* Frameworks */ = {
			isa = PBXFrameworksBuildPhase;
			buildActionMask = 2147483647;
			files = (
			);
			runOnlyForDeploymentPostprocessing = 0;
		};
/* End PBXFrameworksBuildPhase section */

/* Begin PBXGroup section */
		BBDE4FCE1DB4666500B7FB50 = {
			isa = PBXGroup;
			children = (
				BBDE4FD91DB4666500B7FB50 /* FirstStoryboard */,
				BBDE4FD81DB4666500B7FB50 /* Products */,
			);
			sourceTree = "<group>";
		};
		BBDE4FD81DB4666500B7FB50 /* Products */ = {
			isa = PBXGroup;
			children = (
				BBDE4FD71DB4666500B7FB50 /* FirstStoryboard.app */,
			);
			name = Products;
			sourceTree = "<group>";
		};
		BBDE4FD91DB4666500B7FB50 /* FirstStoryboard */ = {
			isa = PBXGroup;
			children = (
				BBDE4FDD1DB4666500B7FB50 /* AppDelegate.h */,
				BBDE4FDE1DB4666500B7FB50 /* AppDelegate.m */,
				BBDE4FF11DB494CB00B7FB50 /* MyViewController.h */,
				BBDE4FF21DB494CB00B7FB50 /* MyViewController.m */,
				BBDE4FF41DB4AE1900B7FB50 /* Login.h */,
				BBDE4FF51DB4AE1900B7FB50 /* Login.m */,
				BBDE4FE31DB4666500B7FB50 /* Main.storyboard */,
				BBDE4FE61DB4666500B7FB50 /* Assets.xcassets */,
				BBDE4FE81DB4666500B7FB50 /* LaunchScreen.storyboard */,
				BBDE4FEB1DB4666500B7FB50 /* Info.plist */,
				BBDE4FDA1DB4666500B7FB50 /* Supporting Files */,
			);
			path = FirstStoryboard;
			sourceTree = "<group>";
		};
		BBDE4FDA1DB4666500B7FB50 /* Supporting Files */ = {
			isa = PBXGroup;
			children = (
				BBDE4FDB1DB4666500B7FB50 /* main.m */,
			);
			name = "Supporting Files";
			sourceTree = "<group>";
		};
/* End PBXGroup section */

/* Begin PBXNativeTarget section */
		BBDE4FD61DB4666500B7FB50 /* FirstStoryboard */ = {
			isa = PBXNativeTarget;
			buildConfigurationList = BBDE4FEE1DB4666500B7FB50 /* Build configuration list for PBXNativeTarget "FirstStoryboard" */;
			buildPhases = (
				BBDE4FD31DB4666500B7FB50 /* Sources */,
				BBDE4FD41DB4666500B7FB50 /* Frameworks */,
				BBDE4FD51DB4666500B7FB50 /* Resources */,
			);
			buildRules = (
			);
			dependencies = (
			);
			name = FirstStoryboard;
			productName = FirstStoryboard;
			productReference = BBDE4FD71DB4666500B7FB50 /* FirstStoryboard.app */;
			productType = "com.apple.product-type.application";
		};
/* End PBXNativeTarget section */

/* Begin PBXProject section */
		BBDE4FCF1DB4666500B7FB50 /* Project object */ = {
			isa = PBXProject;
			attributes = {
				LastUpgradeCheck = 0800;
				ORGANIZATIONNAME = "geon hui kim";
				TargetAttributes = {
					BBDE4FD61DB4666500B7FB50 = {
						CreatedOnToolsVersion = 8.0;
						ProvisioningStyle = Automatic;
					};
				};
			};
			buildConfigurationList = BBDE4FD21DB4666500B7FB50 /* Build configuration list for PBXProject "FirstStoryboard" */;
			compatibilityVersion = "Xcode 3.2";
			developmentRegion = English;
			hasScannedForEncodings = 0;
			knownRegions = (
				en,
				Base,
			);
			mainGroup = BBDE4FCE1DB4666500B7FB50;
			productRefGroup = BBDE4FD81DB4666500B7FB50 /* Products */;
			projectDirPath = "";
			projectRoot = "";
			targets = (
				BBDE4FD61DB4666500B7FB50 /* FirstStoryboard */,
			);
		};
/* End PBXProject section */

/* Begin PBXResourcesBuildPhase section */
		BBDE4FD51DB4666500B7FB50 /* Resources */ = {
			isa = PBXResourcesBuildPhase;
			buildActionMask = 2147483647;
			files = (
				BBDE4FEA1DB4666500B7FB50 /* LaunchScreen.storyboard in Resources */,
				BBDE4FE71DB4666500B7FB50 /* Assets.xcassets in Resources */,
				BBDE4FE51DB4666500B7FB50 /* Main.storyboard in Resources */,
			);
			runOnlyForDeploymentPostprocessing = 0;
		};
/* End PBXResourcesBuildPhase section */

/* Begin PBXSourcesBuildPhase section */
		BBDE4FD31DB4666500B7FB50 /* Sources */ = {
			isa = PBXSourcesBuildPhase;
			buildActionMask = 2147483647;
			files = (
				BBDE4FF31DB494CB00B7FB50 /* MyViewController.m in Sources */,
				BBDE4FDF1DB4666500B7FB50 /* AppDelegate.m in Sources */,
				BBDE4FDC1DB4666500B7FB50 /* main.m in Sources */,
				BBDE4FF61DB4AE1900B7FB50 /* Login.m in Sources */,
			);
			runOnlyForDeploymentPostprocessing = 0;
		};
/* End PBXSourcesBuildPhase section */

/* Begin PBXVariantGroup section */
		BBDE4FE31DB4666500B7FB50 /* Main.storyboard */ = {
			isa = PBXVariantGroup;
			children = (
				BBDE4FE41DB4666500B7FB50 /* Base */,
			);
			name = Main.storyboard;
			sourceTree = "<group>";
		};
		BBDE4FE81DB4666500B7FB50 /* LaunchScreen.storyboard */ = {
			isa = PBXVariantGroup;
			children = (
				BBDE4FE91DB4666500B7FB50 /* Base */,
			);
			name = LaunchScreen.storyboard;
			sourceTree = "<group>";
		};
/* End PBXVariantGroup section */

/* Begin XCBuildConfiguration section */
		BBDE4FEC1DB4666500B7FB50 /* Debug */ = {
			isa = XCBuildConfiguration;
			buildSettings = {
				ALWAYS_SEARCH_USER_PATHS = NO;
				CLANG_ANALYZER_NONNULL = YES;
				CLANG_CXX_LANGUAGE_STANDARD = "gnu++0x";
				CLANG_CXX_LIBRARY = "libc++";
				CLANG_ENABLE_MODULES = YES;
				CLANG_ENABLE_OBJC_ARC = YES;
				CLANG_WARN_BOOL_CONVERSION = YES;
				CLANG_WARN_CONSTANT_CONVERSION = YES;
				CLANG_WARN_DIRECT_OBJC_ISA_USAGE = YES_ERROR;
				CLANG_WARN_DOCUMENTATION_COMMENTS = YES;
				CLANG_WARN_EMPTY_BODY = YES;
				CLANG_WARN_ENUM_CONVERSION = YES;
				CLANG_WARN_INFINITE_RECURSION = YES;
				CLANG_WARN_INT_CONVERSION = YES;
				CLANG_WARN_OBJC_ROOT_CLASS = YES_ERROR;
				CLANG_WARN_SUSPICIOUS_MOVES = YES;
				CLANG_WARN_UNREACHABLE_CODE = YES;
				CLANG_WARN__DUPLICATE_METHOD_MATCH = YES;
				"CODE_SIGN_IDENTITY[sdk=iphoneos*]" = "iPhone Developer";
				COPY_PHASE_STRIP = NO;
				DEBUG_INFORMATION_FORMAT = dwarf;
				ENABLE_STRICT_OBJC_MSGSEND = YES;
				ENABLE_TESTABILITY = YES;
				GCC_C_LANGUAGE_STANDARD = gnu99;
				GCC_DYNAMIC_NO_PIC = NO;
				GCC_NO_COMMON_BLOCKS = YES;
				GCC_OPTIMIZATION_LEVEL = 0;
				GCC_PREPROCESSOR_DEFINITIONS = (
					"DEBUG=1",
					"$(inherited)",
				);
				GCC_WARN_64_TO_32_BIT_CONVERSION = YES;
				GCC_WARN_ABOUT_RETURN_TYPE = YES_ERROR;
				GCC_WARN_UNDECLARED_SELECTOR = YES;
				GCC_WARN_UNINITIALIZED_AUTOS = YES_AGGRESSIVE;
				GCC_WARN_UNUSED_FUNCTION = YES;
				GCC_WARN_UNUSED_VARIABLE = YES;
				IPHONEOS_DEPLOYMENT_TARGET = 10.0;
				MTL_ENABLE_DEBUG_INFO = YES;
				ONLY_ACTIVE_ARCH = YES;
				SDKROOT = iphoneos;
			};
			name = Debug;
		};
		BBDE4FED1DB4666500B7FB50 /* Release */ = {
			isa = XCBuildConfiguration;
			buildSettings = {
				ALWAYS_SEARCH_USER_PATHS = NO;
				CLANG_ANALYZER_NONNULL = YES;
				CLANG_CXX_LANGUAGE_STANDARD = "gnu++0x";
				CLANG_CXX_LIBRARY = "libc++";
				CLANG_ENABLE_MODULES = YES;
				CLANG_ENABLE_OBJC_ARC = YES;
				CLANG_WARN_BOOL_CONVERSION = YES;
				CLANG_WARN_CONSTANT_CONVERSION = YES;
				CLANG_WARN_DIRECT_OBJC_ISA_USAGE = YES_ERROR;
				CLANG_WARN_DOCUMENTATION_COMMENTS = YES;
				CLANG_WARN_EMPTY_BODY = YES;
				CLANG_WARN_ENUM_CONVERSION = YES;
				CLANG_WARN_INFINITE_RECURSION = YES;
				CLANG_WARN_INT_CONVERSION = YES;
				CLANG_WARN_OBJC_ROOT_CLASS = YES_ERROR;
				CLANG_WARN_SUSPICIOUS_MOVES = YES;
				CLANG_WARN_UNREACHABLE_CODE = YES;
				CLANG_WARN__DUPLICATE_METHOD_MATCH = YES;
				"CODE_SIGN_IDENTITY[sdk=iphoneos*]" = "iPhone Developer";
				COPY_PHASE_STRIP = NO;
				DEBUG_INFORMATION_FORMAT = "dwarf-with-dsym";
				ENABLE_NS_ASSERTIONS = NO;
				ENABLE_STRICT_OBJC_MSGSEND = YES;
				GCC_C_LANGUAGE_STANDARD = gnu99;
				GCC_NO_COMMON_BLOCKS = YES;
				GCC_WARN_64_TO_32_BIT_CONVERSION = YES;
				GCC_WARN_ABOUT_RETURN_TYPE = YES_ERROR;
				GCC_WARN_UNDECLARED_SELECTOR = YES;
				GCC_WARN_UNINITIALIZED_AUTOS = YES_AGGRESSIVE;
				GCC_WARN_UNUSED_FUNCTION = YES;
				GCC_WARN_UNUSED_VARIABLE = YES;
				IPHONEOS_DEPLOYMENT_TARGET = 10.0;
				MTL_ENABLE_DEBUG_INFO = NO;
				SDKROOT = iphoneos;
				VALIDATE_PRODUCT = YES;
			};
			name = Release;
		};
		BBDE4FEF1DB4666500B7FB50 /* Debug */ = {
			isa = XCBuildConfiguration;
			buildSettings = {
				ASSETCATALOG_COMPILER_APPICON_NAME = AppIcon;
				INFOPLIST_FILE = FirstStoryboard/Info.plist;
				LD_RUNPATH_SEARCH_PATHS = "$(inherited) @executable_path/Frameworks";
				PRODUCT_BUNDLE_IDENTIFIER = com.fastcampus.FirstStoryboard;
				PRODUCT_NAME = "$(TARGET_NAME)";
			};
			name = Debug;
		};
		BBDE4FF01DB4666500B7FB50 /* Release */ = {
			isa = XCBuildConfiguration;
			buildSettings = {
				ASSETCATALOG_COMPILER_APPICON_NAME = AppIcon;
				INFOPLIST_FILE = FirstStoryboard/Info.plist;
				LD_RUNPATH_SEARCH_PATHS = "$(inherited) @executable_path/Frameworks";
				PRODUCT_BUNDLE_IDENTIFIER = com.fastcampus.FirstStoryboard;
				PRODUCT_NAME = "$(TARGET_NAME)";
			};
			name = Release;
		};
/* End XCBuildConfiguration section */

/* Begin XCConfigurationList section */
		BBDE4FD21DB4666500B7FB50 /* Build configuration list for PBXProject "FirstStoryboard" */ = {
			isa = XCConfigurationList;
			buildConfigurations = (
				BBDE4FEC1DB4666500B7FB50 /* Debug */,
				BBDE4FED1DB4666500B7FB50 /* Release */,
			);
			defaultConfigurationIsVisible = 0;
			defaultConfigurationName = Release;
		};
		BBDE4FEE1DB4666500B7FB50 /* Build configuration list for PBXNativeTarget "FirstStoryboard" */ = {
			isa = XCConfigurationList;
			buildConfigurations = (
				BBDE4FEF1DB4666500B7FB50 /* Debug */,
				BBDE4FF01DB4666500B7FB50 /* Release */,
			);
			defaultConfigurationIsVisible = 0;
		};
/* End XCConfigurationList section */
	};
	rootObject = BBDE4FCF1DB4666500B7FB50 /* Project object */;
}
