// !$*UTF8*$!
{
	archiveVersion = 1;
	classes = {
	};
	objectVersion = 46;
	objects = {

/* Begin PBXBuildFile section */
		BB8799AC1DAE8DE00085D66E /* gul.jpg in Resources */ = {isa = PBXBuildFile; fileRef = BB8799AB1DAE8DE00085D66E /* gul.jpg */; };
		BBCCEC631DAE016800ACDC81 /* main.m in Sources */ = {isa = PBXBuildFile; fileRef = BBCCEC621DAE016800ACDC81 /* main.m */; };
		BBCCEC661DAE016800ACDC81 /* AppDelegate.m in Sources */ = {isa = PBXBuildFile; fileRef = BBCCEC651DAE016800ACDC81 /* AppDelegate.m */; };
		BBCCEC691DAE016800ACDC81 /* ViewController.m in Sources */ = {isa = PBXBuildFile; fileRef = BBCCEC681DAE016800ACDC81 /* ViewController.m */; };
		BBCCEC6C1DAE016800ACDC81 /* Main.storyboard in Resources */ = {isa = PBXBuildFile; fileRef = BBCCEC6A1DAE016800ACDC81 /* Main.storyboard */; };
		BBCCEC6E1DAE016800ACDC81 /* Assets.xcassets in Resources */ = {isa = PBXBuildFile; fileRef = BBCCEC6D1DAE016800ACDC81 /* Assets.xcassets */; };
		BBCCEC711DAE016800ACDC81 /* LaunchScreen.storyboard in Resources */ = {isa = PBXBuildFile; fileRef = BBCCEC6F1DAE016800ACDC81 /* LaunchScreen.storyboard */; };
/* End PBXBuildFile section */

/* Begin PBXFileReference section */
		BB8799AB1DAE8DE00085D66E /* gul.jpg */ = {isa = PBXFileReference; lastKnownFileType = image.jpeg; path = gul.jpg; sourceTree = SOURCE_ROOT; };
		BBCCEC5E1DAE016700ACDC81 /* Login.app */ = {isa = PBXFileReference; explicitFileType = wrapper.application; includeInIndex = 0; path = Login.app; sourceTree = BUILT_PRODUCTS_DIR; };
		BBCCEC621DAE016800ACDC81 /* main.m */ = {isa = PBXFileReference; lastKnownFileType = sourcecode.c.objc; path = main.m; sourceTree = "<group>"; };
		BBCCEC641DAE016800ACDC81 /* AppDelegate.h */ = {isa = PBXFileReference; lastKnownFileType = sourcecode.c.h; path = AppDelegate.h; sourceTree = "<group>"; };
		BBCCEC651DAE016800ACDC81 /* AppDelegate.m */ = {isa = PBXFileReference; lastKnownFileType = sourcecode.c.objc; path = AppDelegate.m; sourceTree = "<group>"; };
		BBCCEC671DAE016800ACDC81 /* ViewController.h */ = {isa = PBXFileReference; lastKnownFileType = sourcecode.c.h; path = ViewController.h; sourceTree = "<group>"; };
		BBCCEC681DAE016800ACDC81 /* ViewController.m */ = {isa = PBXFileReference; lastKnownFileType = sourcecode.c.objc; path = ViewController.m; sourceTree = "<group>"; };
		BBCCEC6B1DAE016800ACDC81 /* Base */ = {isa = PBXFileReference; lastKnownFileType = file.storyboard; name = Base; path = Base.lproj/Main.storyboard; sourceTree = "<group>"; };
		BBCCEC6D1DAE016800ACDC81 /* Assets.xcassets */ = {isa = PBXFileReference; lastKnownFileType = folder.assetcatalog; path = Assets.xcassets; sourceTree = "<group>"; };
		BBCCEC701DAE016800ACDC81 /* Base */ = {isa = PBXFileReference; lastKnownFileType = file.storyboard; name = Base; path = Base.lproj/LaunchScreen.storyboard; sourceTree = "<group>"; };
		BBCCEC721DAE016800ACDC81 /* Info.plist */ = {isa = PBXFileReference; lastKnownFileType = text.plist.xml; path = Info.plist; sourceTree = "<group>"; };
/* End PBXFileReference section */

/* Begin PBXFrameworksBuildPhase section */
		BBCCEC5B1DAE016700ACDC81 /* Frameworks */ = {
			isa = PBXFrameworksBuildPhase;
			buildActionMask = 2147483647;
			files = (
			);
			runOnlyForDeploymentPostprocessing = 0;
		};
/* End PBXFrameworksBuildPhase section */

/* Begin PBXGroup section */
		BBCCEC551DAE016700ACDC81 = {
			isa = PBXGroup;
			children = (
				BBCCEC601DAE016700ACDC81 /* Login */,
				BBCCEC5F1DAE016700ACDC81 /* Products */,
			);
			sourceTree = "<group>";
		};
		BBCCEC5F1DAE016700ACDC81 /* Products */ = {
			isa = PBXGroup;
			children = (
				BBCCEC5E1DAE016700ACDC81 /* Login.app */,
			);
			name = Products;
			sourceTree = "<group>";
		};
		BBCCEC601DAE016700ACDC81 /* Login */ = {
			isa = PBXGroup;
			children = (
				BBCCEC641DAE016800ACDC81 /* AppDelegate.h */,
				BBCCEC651DAE016800ACDC81 /* AppDelegate.m */,
				BBCCEC671DAE016800ACDC81 /* ViewController.h */,
				BBCCEC681DAE016800ACDC81 /* ViewController.m */,
				BBCCEC6A1DAE016800ACDC81 /* Main.storyboard */,
				BBCCEC6D1DAE016800ACDC81 /* Assets.xcassets */,
				BB8799AB1DAE8DE00085D66E /* gul.jpg */,
				BBCCEC6F1DAE016800ACDC81 /* LaunchScreen.storyboard */,
				BBCCEC721DAE016800ACDC81 /* Info.plist */,
				BBCCEC611DAE016700ACDC81 /* Supporting Files */,
			);
			path = Login;
			sourceTree = "<group>";
		};
		BBCCEC611DAE016700ACDC81 /* Supporting Files */ = {
			isa = PBXGroup;
			children = (
				BBCCEC621DAE016800ACDC81 /* main.m */,
			);
			name = "Supporting Files";
			sourceTree = "<group>";
		};
/* End PBXGroup section */

/* Begin PBXNativeTarget section */
		BBCCEC5D1DAE016700ACDC81 /* Login */ = {
			isa = PBXNativeTarget;
			buildConfigurationList = BBCCEC751DAE016800ACDC81 /* Build configuration list for PBXNativeTarget "Login" */;
			buildPhases = (
				BBCCEC5A1DAE016700ACDC81 /* Sources */,
				BBCCEC5B1DAE016700ACDC81 /* Frameworks */,
				BBCCEC5C1DAE016700ACDC81 /* Resources */,
			);
			buildRules = (
			);
			dependencies = (
			);
			name = Login;
			productName = Login;
			productReference = BBCCEC5E1DAE016700ACDC81 /* Login.app */;
			productType = "com.apple.product-type.application";
		};
/* End PBXNativeTarget section */

/* Begin PBXProject section */
		BBCCEC561DAE016700ACDC81 /* Project object */ = {
			isa = PBXProject;
			attributes = {
				LastUpgradeCheck = 0800;
				ORGANIZATIONNAME = "geon hui kim";
				TargetAttributes = {
					BBCCEC5D1DAE016700ACDC81 = {
						CreatedOnToolsVersion = 8.0;
						ProvisioningStyle = Automatic;
					};
				};
			};
			buildConfigurationList = BBCCEC591DAE016700ACDC81 /* Build configuration list for PBXProject "Login" */;
			compatibilityVersion = "Xcode 3.2";
			developmentRegion = English;
			hasScannedForEncodings = 0;
			knownRegions = (
				en,
				Base,
			);
			mainGroup = BBCCEC551DAE016700ACDC81;
			productRefGroup = BBCCEC5F1DAE016700ACDC81 /* Products */;
			projectDirPath = "";
			projectRoot = "";
			targets = (
				BBCCEC5D1DAE016700ACDC81 /* Login */,
			);
		};
/* End PBXProject section */

/* Begin PBXResourcesBuildPhase section */
		BBCCEC5C1DAE016700ACDC81 /* Resources */ = {
			isa = PBXResourcesBuildPhase;
			buildActionMask = 2147483647;
			files = (
				BBCCEC711DAE016800ACDC81 /* LaunchScreen.storyboard in Resources */,
				BBCCEC6E1DAE016800ACDC81 /* Assets.xcassets in Resources */,
				BB8799AC1DAE8DE00085D66E /* gul.jpg in Resources */,
				BBCCEC6C1DAE016800ACDC81 /* Main.storyboard in Resources */,
			);
			runOnlyForDeploymentPostprocessing = 0;
		};
/* End PBXResourcesBuildPhase section */

/* Begin PBXSourcesBuildPhase section */
		BBCCEC5A1DAE016700ACDC81 /* Sources */ = {
			isa = PBXSourcesBuildPhase;
			buildActionMask = 2147483647;
			files = (
				BBCCEC691DAE016800ACDC81 /* ViewController.m in Sources */,
				BBCCEC661DAE016800ACDC81 /* AppDelegate.m in Sources */,
				BBCCEC631DAE016800ACDC81 /* main.m in Sources */,
			);
			runOnlyForDeploymentPostprocessing = 0;
		};
/* End PBXSourcesBuildPhase section */

/* Begin PBXVariantGroup section */
		BBCCEC6A1DAE016800ACDC81 /* Main.storyboard */ = {
			isa = PBXVariantGroup;
			children = (
				BBCCEC6B1DAE016800ACDC81 /* Base */,
			);
			name = Main.storyboard;
			sourceTree = "<group>";
		};
		BBCCEC6F1DAE016800ACDC81 /* LaunchScreen.storyboard */ = {
			isa = PBXVariantGroup;
			children = (
				BBCCEC701DAE016800ACDC81 /* Base */,
			);
			name = LaunchScreen.storyboard;
			sourceTree = "<group>";
		};
/* End PBXVariantGroup section */

/* Begin XCBuildConfiguration section */
		BBCCEC731DAE016800ACDC81 /* Debug */ = {
			isa = XCBuildConfiguration;
			buildSettings = {
				ALWAYS_SEARCH_USER_PATHS = NO;
				CLANG_ANALYZER_NONNULL = YES;
				CLANG_CXX_LANGUAGE_STANDARD = "gnu++0x";
				CLANG_CXX_LIBRARY = "libc++";
				CLANG_ENABLE_MODULES = YES;
				CLANG_ENABLE_OBJC_ARC = YES;
				CLANG_WARN_BOOL_CONVERSION = YES;
				CLANG_WARN_CONSTANT_CONVERSION = YES;
				CLANG_WARN_DIRECT_OBJC_ISA_USAGE = YES_ERROR;
				CLANG_WARN_DOCUMENTATION_COMMENTS = YES;
				CLANG_WARN_EMPTY_BODY = YES;
				CLANG_WARN_ENUM_CONVERSION = YES;
				CLANG_WARN_INFINITE_RECURSION = YES;
				CLANG_WARN_INT_CONVERSION = YES;
				CLANG_WARN_OBJC_ROOT_CLASS = YES_ERROR;
				CLANG_WARN_SUSPICIOUS_MOVES = YES;
				CLANG_WARN_UNREACHABLE_CODE = YES;
				CLANG_WARN__DUPLICATE_METHOD_MATCH = YES;
				"CODE_SIGN_IDENTITY[sdk=iphoneos*]" = "iPhone Developer";
				COPY_PHASE_STRIP = NO;
				DEBUG_INFORMATION_FORMAT = dwarf;
				ENABLE_STRICT_OBJC_MSGSEND = YES;
				ENABLE_TESTABILITY = YES;
				GCC_C_LANGUAGE_STANDARD = gnu99;
				GCC_DYNAMIC_NO_PIC = NO;
				GCC_NO_COMMON_BLOCKS = YES;
				GCC_OPTIMIZATION_LEVEL = 0;
				GCC_PREPROCESSOR_DEFINITIONS = (
					"DEBUG=1",
					"$(inherited)",
				);
				GCC_WARN_64_TO_32_BIT_CONVERSION = YES;
				GCC_WARN_ABOUT_RETURN_TYPE = YES_ERROR;
				GCC_WARN_UNDECLARED_SELECTOR = YES;
				GCC_WARN_UNINITIALIZED_AUTOS = YES_AGGRESSIVE;
				GCC_WARN_UNUSED_FUNCTION = YES;
				GCC_WARN_UNUSED_VARIABLE = YES;
				IPHONEOS_DEPLOYMENT_TARGET = 10.0;
				MTL_ENABLE_DEBUG_INFO = YES;
				ONLY_ACTIVE_ARCH = YES;
				SDKROOT = iphoneos;
			};
			name = Debug;
		};
		BBCCEC741DAE016800ACDC81 /* Release */ = {
			isa = XCBuildConfiguration;
			buildSettings = {
				ALWAYS_SEARCH_USER_PATHS = NO;
				CLANG_ANALYZER_NONNULL = YES;
				CLANG_CXX_LANGUAGE_STANDARD = "gnu++0x";
				CLANG_CXX_LIBRARY = "libc++";
				CLANG_ENABLE_MODULES = YES;
				CLANG_ENABLE_OBJC_ARC = YES;
				CLANG_WARN_BOOL_CONVERSION = YES;
				CLANG_WARN_CONSTANT_CONVERSION = YES;
				CLANG_WARN_DIRECT_OBJC_ISA_USAGE = YES_ERROR;
				CLANG_WARN_DOCUMENTATION_COMMENTS = YES;
				CLANG_WARN_EMPTY_BODY = YES;
				CLANG_WARN_ENUM_CONVERSION = YES;
				CLANG_WARN_INFINITE_RECURSION = YES;
				CLANG_WARN_INT_CONVERSION = YES;
				CLANG_WARN_OBJC_ROOT_CLASS = YES_ERROR;
				CLANG_WARN_SUSPICIOUS_MOVES = YES;
				CLANG_WARN_UNREACHABLE_CODE = YES;
				CLANG_WARN__DUPLICATE_METHOD_MATCH = YES;
				"CODE_SIGN_IDENTITY[sdk=iphoneos*]" = "iPhone Developer";
				COPY_PHASE_STRIP = NO;
				DEBUG_INFORMATION_FORMAT = "dwarf-with-dsym";
				ENABLE_NS_ASSERTIONS = NO;
				ENABLE_STRICT_OBJC_MSGSEND = YES;
				GCC_C_LANGUAGE_STANDARD = gnu99;
				GCC_NO_COMMON_BLOCKS = YES;
				GCC_WARN_64_TO_32_BIT_CONVERSION = YES;
				GCC_WARN_ABOUT_RETURN_TYPE = YES_ERROR;
				GCC_WARN_UNDECLARED_SELECTOR = YES;
				GCC_WARN_UNINITIALIZED_AUTOS = YES_AGGRESSIVE;
				GCC_WARN_UNUSED_FUNCTION = YES;
				GCC_WARN_UNUSED_VARIABLE = YES;
				IPHONEOS_DEPLOYMENT_TARGET = 10.0;
				MTL_ENABLE_DEBUG_INFO = NO;
				SDKROOT = iphoneos;
				VALIDATE_PRODUCT = YES;
			};
			name = Release;
		};
		BBCCEC761DAE016800ACDC81 /* Debug */ = {
			isa = XCBuildConfiguration;
			buildSettings = {
				ASSETCATALOG_COMPILER_APPICON_NAME = AppIcon;
				INFOPLIST_FILE = Login/Info.plist;
				LD_RUNPATH_SEARCH_PATHS = "$(inherited) @executable_path/Frameworks";
				PRODUCT_BUNDLE_IDENTIFIER = com.fastcampus.Login;
				PRODUCT_NAME = "$(TARGET_NAME)";
			};
			name = Debug;
		};
		BBCCEC771DAE016800ACDC81 /* Release */ = {
			isa = XCBuildConfiguration;
			buildSettings = {
				ASSETCATALOG_COMPILER_APPICON_NAME = AppIcon;
				INFOPLIST_FILE = Login/Info.plist;
				LD_RUNPATH_SEARCH_PATHS = "$(inherited) @executable_path/Frameworks";
				PRODUCT_BUNDLE_IDENTIFIER = com.fastcampus.Login;
				PRODUCT_NAME = "$(TARGET_NAME)";
			};
			name = Release;
		};
/* End XCBuildConfiguration section */

/* Begin XCConfigurationList section */
		BBCCEC591DAE016700ACDC81 /* Build configuration list for PBXProject "Login" */ = {
			isa = XCConfigurationList;
			buildConfigurations = (
				BBCCEC731DAE016800ACDC81 /* Debug */,
				BBCCEC741DAE016800ACDC81 /* Release */,
			);
			defaultConfigurationIsVisible = 0;
			defaultConfigurationName = Release;
		};
		BBCCEC751DAE016800ACDC81 /* Build configuration list for PBXNativeTarget "Login" */ = {
			isa = XCConfigurationList;
			buildConfigurations = (
				BBCCEC761DAE016800ACDC81 /* Debug */,
				BBCCEC771DAE016800ACDC81 /* Release */,
			);
			defaultConfigurationIsVisible = 0;
			defaultConfigurationName = Release;
		};
/* End XCConfigurationList section */
	};
	rootObject = BBCCEC561DAE016700ACDC81 /* Project object */;
}
