// !$*UTF8*$!
{
	archiveVersion = 1;
	classes = {
	};
	objectVersion = 46;
	objects = {

/* Begin PBXBuildFile section */
		BBB3EC891DA37FCC0090FCEA /* main.m in Sources */ = {isa = PBXBuildFile; fileRef = BBB3EC881DA37FCC0090FCEA /* main.m */; };
		BBB3EC911DA37FE40090FCEA /* Gugudan.m in Sources */ = {isa = PBXBuildFile; fileRef = BBB3EC901DA37FE40090FCEA /* Gugudan.m */; };
		BBFCB75B1DA4C92B00B050F3 /* Dictionary.m in Sources */ = {isa = PBXBuildFile; fileRef = BBFCB75A1DA4C92B00B050F3 /* Dictionary.m */; };
/* End PBXBuildFile section */

/* Begin PBXCopyFilesBuildPhase section */
		BBB3EC831DA37FCC0090FCEA /* CopyFiles */ = {
			isa = PBXCopyFilesBuildPhase;
			buildActionMask = 2147483647;
			dstPath = /usr/share/man/man1/;
			dstSubfolderSpec = 0;
			files = (
			);
			runOnlyForDeploymentPostprocessing = 1;
		};
/* End PBXCopyFilesBuildPhase section */

/* Begin PBXFileReference section */
		BBB3EC851DA37FCC0090FCEA /* GeonHuiex10 */ = {isa = PBXFileReference; explicitFileType = "compiled.mach-o.executable"; includeInIndex = 0; path = GeonHuiex10; sourceTree = BUILT_PRODUCTS_DIR; };
		BBB3EC881DA37FCC0090FCEA /* main.m */ = {isa = PBXFileReference; lastKnownFileType = sourcecode.c.objc; path = main.m; sourceTree = "<group>"; };
		BBB3EC8F1DA37FE40090FCEA /* Gugudan.h */ = {isa = PBXFileReference; fileEncoding = 4; lastKnownFileType = sourcecode.c.h; path = Gugudan.h; sourceTree = "<group>"; };
		BBB3EC901DA37FE40090FCEA /* Gugudan.m */ = {isa = PBXFileReference; fileEncoding = 4; lastKnownFileType = sourcecode.c.objc; path = Gugudan.m; sourceTree = "<group>"; };
		BBFCB7591DA4C92B00B050F3 /* Dictionary.h */ = {isa = PBXFileReference; fileEncoding = 4; lastKnownFileType = sourcecode.c.h; path = Dictionary.h; sourceTree = "<group>"; };
		BBFCB75A1DA4C92B00B050F3 /* Dictionary.m */ = {isa = PBXFileReference; fileEncoding = 4; lastKnownFileType = sourcecode.c.objc; path = Dictionary.m; sourceTree = "<group>"; };
/* End PBXFileReference section */

/* Begin PBXFrameworksBuildPhase section */
		BBB3EC821DA37FCC0090FCEA /* Frameworks */ = {
			isa = PBXFrameworksBuildPhase;
			buildActionMask = 2147483647;
			files = (
			);
			runOnlyForDeploymentPostprocessing = 0;
		};
/* End PBXFrameworksBuildPhase section */

/* Begin PBXGroup section */
		BBB3EC7C1DA37FCC0090FCEA = {
			isa = PBXGroup;
			children = (
				BBB3EC871DA37FCC0090FCEA /* GeonHuiex10 */,
				BBB3EC861DA37FCC0090FCEA /* Products */,
			);
			sourceTree = "<group>";
		};
		BBB3EC861DA37FCC0090FCEA /* Products */ = {
			isa = PBXGroup;
			children = (
				BBB3EC851DA37FCC0090FCEA /* GeonHuiex10 */,
			);
			name = Products;
			sourceTree = "<group>";
		};
		BBB3EC871DA37FCC0090FCEA /* GeonHuiex10 */ = {
			isa = PBXGroup;
			children = (
				BBB3EC881DA37FCC0090FCEA /* main.m */,
				BBFCB7591DA4C92B00B050F3 /* Dictionary.h */,
				BBFCB75A1DA4C92B00B050F3 /* Dictionary.m */,
				BBB3EC8F1DA37FE40090FCEA /* Gugudan.h */,
				BBB3EC901DA37FE40090FCEA /* Gugudan.m */,
			);
			path = GeonHuiex10;
			sourceTree = "<group>";
		};
/* End PBXGroup section */

/* Begin PBXNativeTarget section */
		BBB3EC841DA37FCC0090FCEA /* GeonHuiex10 */ = {
			isa = PBXNativeTarget;
			buildConfigurationList = BBB3EC8C1DA37FCC0090FCEA /* Build configuration list for PBXNativeTarget "GeonHuiex10" */;
			buildPhases = (
				BBB3EC811DA37FCC0090FCEA /* Sources */,
				BBB3EC821DA37FCC0090FCEA /* Frameworks */,
				BBB3EC831DA37FCC0090FCEA /* CopyFiles */,
			);
			buildRules = (
			);
			dependencies = (
			);
			name = GeonHuiex10;
			productName = GeonHuiex10;
			productReference = BBB3EC851DA37FCC0090FCEA /* GeonHuiex10 */;
			productType = "com.apple.product-type.tool";
		};
/* End PBXNativeTarget section */

/* Begin PBXProject section */
		BBB3EC7D1DA37FCC0090FCEA /* Project object */ = {
			isa = PBXProject;
			attributes = {
				LastUpgradeCheck = 0800;
				ORGANIZATIONNAME = "geon hui kim";
				TargetAttributes = {
					BBB3EC841DA37FCC0090FCEA = {
						CreatedOnToolsVersion = 8.0;
						ProvisioningStyle = Automatic;
					};
				};
			};
			buildConfigurationList = BBB3EC801DA37FCC0090FCEA /* Build configuration list for PBXProject "GeonHuiex10" */;
			compatibilityVersion = "Xcode 3.2";
			developmentRegion = English;
			hasScannedForEncodings = 0;
			knownRegions = (
				en,
			);
			mainGroup = BBB3EC7C1DA37FCC0090FCEA;
			productRefGroup = BBB3EC861DA37FCC0090FCEA /* Products */;
			projectDirPath = "";
			projectRoot = "";
			targets = (
				BBB3EC841DA37FCC0090FCEA /* GeonHuiex10 */,
			);
		};
/* End PBXProject section */

/* Begin PBXSourcesBuildPhase section */
		BBB3EC811DA37FCC0090FCEA /* Sources */ = {
			isa = PBXSourcesBuildPhase;
			buildActionMask = 2147483647;
			files = (
				BBFCB75B1DA4C92B00B050F3 /* Dictionary.m in Sources */,
				BBB3EC891DA37FCC0090FCEA /* main.m in Sources */,
				BBB3EC911DA37FE40090FCEA /* Gugudan.m in Sources */,
			);
			runOnlyForDeploymentPostprocessing = 0;
		};
/* End PBXSourcesBuildPhase section */

/* Begin XCBuildConfiguration section */
		BBB3EC8A1DA37FCC0090FCEA /* Debug */ = {
			isa = XCBuildConfiguration;
			buildSettings = {
				ALWAYS_SEARCH_USER_PATHS = NO;
				CLANG_ANALYZER_NONNULL = YES;
				CLANG_CXX_LANGUAGE_STANDARD = "gnu++0x";
				CLANG_CXX_LIBRARY = "libc++";
				CLANG_ENABLE_MODULES = YES;
				CLANG_ENABLE_OBJC_ARC = YES;
				CLANG_WARN_BOOL_CONVERSION = YES;
				CLANG_WARN_CONSTANT_CONVERSION = YES;
				CLANG_WARN_DIRECT_OBJC_ISA_USAGE = YES_ERROR;
				CLANG_WARN_DOCUMENTATION_COMMENTS = YES;
				CLANG_WARN_EMPTY_BODY = YES;
				CLANG_WARN_ENUM_CONVERSION = YES;
				CLANG_WARN_INFINITE_RECURSION = YES;
				CLANG_WARN_INT_CONVERSION = YES;
				CLANG_WARN_OBJC_ROOT_CLASS = YES_ERROR;
				CLANG_WARN_SUSPICIOUS_MOVES = YES;
				CLANG_WARN_UNREACHABLE_CODE = YES;
				CLANG_WARN__DUPLICATE_METHOD_MATCH = YES;
				CODE_SIGN_IDENTITY = "-";
				COPY_PHASE_STRIP = NO;
				DEBUG_INFORMATION_FORMAT = dwarf;
				ENABLE_STRICT_OBJC_MSGSEND = YES;
				ENABLE_TESTABILITY = YES;
				GCC_C_LANGUAGE_STANDARD = gnu99;
				GCC_DYNAMIC_NO_PIC = NO;
				GCC_NO_COMMON_BLOCKS = YES;
				GCC_OPTIMIZATION_LEVEL = 0;
				GCC_PREPROCESSOR_DEFINITIONS = (
					"DEBUG=1",
					"$(inherited)",
				);
				GCC_WARN_64_TO_32_BIT_CONVERSION = YES;
				GCC_WARN_ABOUT_RETURN_TYPE = YES_ERROR;
				GCC_WARN_UNDECLARED_SELECTOR = YES;
				GCC_WARN_UNINITIALIZED_AUTOS = YES_AGGRESSIVE;
				GCC_WARN_UNUSED_FUNCTION = YES;
				GCC_WARN_UNUSED_VARIABLE = YES;
				MACOSX_DEPLOYMENT_TARGET = 10.11;
				MTL_ENABLE_DEBUG_INFO = YES;
				ONLY_ACTIVE_ARCH = YES;
				SDKROOT = macosx;
			};
			name = Debug;
		};
		BBB3EC8B1DA37FCC0090FCEA /* Release */ = {
			isa = XCBuildConfiguration;
			buildSettings = {
				ALWAYS_SEARCH_USER_PATHS = NO;
				CLANG_ANALYZER_NONNULL = YES;
				CLANG_CXX_LANGUAGE_STANDARD = "gnu++0x";
				CLANG_CXX_LIBRARY = "libc++";
				CLANG_ENABLE_MODULES = YES;
				CLANG_ENABLE_OBJC_ARC = YES;
				CLANG_WARN_BOOL_CONVERSION = YES;
				CLANG_WARN_CONSTANT_CONVERSION = YES;
				CLANG_WARN_DIRECT_OBJC_ISA_USAGE = YES_ERROR;
				CLANG_WARN_DOCUMENTATION_COMMENTS = YES;
				CLANG_WARN_EMPTY_BODY = YES;
				CLANG_WARN_ENUM_CONVERSION = YES;
				CLANG_WARN_INFINITE_RECURSION = YES;
				CLANG_WARN_INT_CONVERSION = YES;
				CLANG_WARN_OBJC_ROOT_CLASS = YES_ERROR;
				CLANG_WARN_SUSPICIOUS_MOVES = YES;
				CLANG_WARN_UNREACHABLE_CODE = YES;
				CLANG_WARN__DUPLICATE_METHOD_MATCH = YES;
				CODE_SIGN_IDENTITY = "-";
				COPY_PHASE_STRIP = NO;
				DEBUG_INFORMATION_FORMAT = "dwarf-with-dsym";
				ENABLE_NS_ASSERTIONS = NO;
				ENABLE_STRICT_OBJC_MSGSEND = YES;
				GCC_C_LANGUAGE_STANDARD = gnu99;
				GCC_NO_COMMON_BLOCKS = YES;
				GCC_WARN_64_TO_32_BIT_CONVERSION = YES;
				GCC_WARN_ABOUT_RETURN_TYPE = YES_ERROR;
				GCC_WARN_UNDECLARED_SELECTOR = YES;
				GCC_WARN_UNINITIALIZED_AUTOS = YES_AGGRESSIVE;
				GCC_WARN_UNUSED_FUNCTION = YES;
				GCC_WARN_UNUSED_VARIABLE = YES;
				MACOSX_DEPLOYMENT_TARGET = 10.11;
				MTL_ENABLE_DEBUG_INFO = NO;
				SDKROOT = macosx;
			};
			name = Release;
		};
		BBB3EC8D1DA37FCC0090FCEA /* Debug */ = {
			isa = XCBuildConfiguration;
			buildSettings = {
				PRODUCT_NAME = "$(TARGET_NAME)";
			};
			name = Debug;
		};
		BBB3EC8E1DA37FCC0090FCEA /* Release */ = {
			isa = XCBuildConfiguration;
			buildSettings = {
				PRODUCT_NAME = "$(TARGET_NAME)";
			};
			name = Release;
		};
/* End XCBuildConfiguration section */

/* Begin XCConfigurationList section */
		BBB3EC801DA37FCC0090FCEA /* Build configuration list for PBXProject "GeonHuiex10" */ = {
			isa = XCConfigurationList;
			buildConfigurations = (
				BBB3EC8A1DA37FCC0090FCEA /* Debug */,
				BBB3EC8B1DA37FCC0090FCEA /* Release */,
			);
			defaultConfigurationIsVisible = 0;
			defaultConfigurationName = Release;
		};
		BBB3EC8C1DA37FCC0090FCEA /* Build configuration list for PBXNativeTarget "GeonHuiex10" */ = {
			isa = XCConfigurationList;
			buildConfigurations = (
				BBB3EC8D1DA37FCC0090FCEA /* Debug */,
				BBB3EC8E1DA37FCC0090FCEA /* Release */,
			);
			defaultConfigurationIsVisible = 0;
			defaultConfigurationName = Release;
		};
/* End XCConfigurationList section */
	};
	rootObject = BBB3EC7D1DA37FCC0090FCEA /* Project object */;
}
